// !$*UTF8*$!
{
	archiveVersion = 1;
	classes = {
	};
	objectVersion = 50;
	objects = {

/* Begin PBXBuildFile section */
		C32AF5DD184C6838401E3E1C /* Pods_FriendRecord.framework in Frameworks */ = {isa = PBXBuildFile; fileRef = 5A48B9E19FB7275ADC8E021E /* Pods_FriendRecord.framework */; };
		CE0102C622A784B700EDB18A /* Login_Icon_ver_2.png in Resources */ = {isa = PBXBuildFile; fileRef = CE0102C522A784B700EDB18A /* Login_Icon_ver_2.png */; };
		CE0102C922A7B4D100EDB18A /* UserData.swift in Sources */ = {isa = PBXBuildFile; fileRef = CE0102C822A7B4D100EDB18A /* UserData.swift */; };
		CE04BFC222C7390F00BC8300 /* pen.png in Resources */ = {isa = PBXBuildFile; fileRef = CE04BFC122C7390F00BC8300 /* pen.png */; };
		CE04BFC422C7408300BC8300 /* Assets.xcassets in Resources */ = {isa = PBXBuildFile; fileRef = CE04BFC322C7408200BC8300 /* Assets.xcassets */; };
		CE0A3C8D229E1FC900649E2E /* Login.png in Resources */ = {isa = PBXBuildFile; fileRef = CE0A3C8C229E1FC900649E2E /* Login.png */; };
		CE0A3C8F229E5B0600649E2E /* functionswift.swift in Sources */ = {isa = PBXBuildFile; fileRef = CE0A3C8E229E5B0600649E2E /* functionswift.swift */; };
		CE0A945722B1D35F00F7F031 /* UserPhotoViewController.swift in Sources */ = {isa = PBXBuildFile; fileRef = CE0A945622B1D35F00F7F031 /* UserPhotoViewController.swift */; };
		CE0A949922B238A300F7F031 /* Manager.swift in Sources */ = {isa = PBXBuildFile; fileRef = CE0A949822B238A300F7F031 /* Manager.swift */; };
		CE0B064022ADF756007ADB36 /* CameraViewController.swift in Sources */ = {isa = PBXBuildFile; fileRef = CE0B063F22ADF756007ADB36 /* CameraViewController.swift */; };
		CE0D3D53229F5ECD008033D7 /* Login_Icon_ver_2_2.png in Resources */ = {isa = PBXBuildFile; fileRef = CE0D3D52229F5ECD008033D7 /* Login_Icon_ver_2_2.png */; };
		CE0D3D63229F92B0008033D7 /* MyTabBarController.swift in Sources */ = {isa = PBXBuildFile; fileRef = CE0D3D62229F92B0008033D7 /* MyTabBarController.swift */; };
		CE0DD11322CAE2700031D4BA /* speaker.png in Resources */ = {isa = PBXBuildFile; fileRef = CE0DD11222CAE26F0031D4BA /* speaker.png */; };
		CE0DD11522CAE4720031D4BA /* line.png in Resources */ = {isa = PBXBuildFile; fileRef = CE0DD11422CAE4720031D4BA /* line.png */; };
		CE0DD11722CAEEDC0031D4BA /* recordPen_Line.png in Resources */ = {isa = PBXBuildFile; fileRef = CE0DD11622CAEEDC0031D4BA /* recordPen_Line.png */; };
		CE0DE89C22B08F7E00F49C5B /* userPhotoDefault.png in Resources */ = {isa = PBXBuildFile; fileRef = CE0DE89B22B08F7E00F49C5B /* userPhotoDefault.png */; };
		CE0DE8A022B0C7CE00F49C5B /* MyUserTableViewCell.swift in Sources */ = {isa = PBXBuildFile; fileRef = CE0DE89F22B0C7CE00F49C5B /* MyUserTableViewCell.swift */; };
		CE0DE8C222B0D96900F49C5B /* MyRecordTableViewCell.swift in Sources */ = {isa = PBXBuildFile; fileRef = CE0DE8C122B0D96900F49C5B /* MyRecordTableViewCell.swift */; };
		CE0E6DAE22C44C880028FF47 /* MyCollectionViewCell.swift in Sources */ = {isa = PBXBuildFile; fileRef = CE0E6DAD22C44C880028FF47 /* MyCollectionViewCell.swift */; };
		CE0E6DB122C497030028FF47 /* MapFrienderViewController.swift in Sources */ = {isa = PBXBuildFile; fileRef = CE0E6DB022C497030028FF47 /* MapFrienderViewController.swift */; };
		CE0E6DC722C4BA9F0028FF47 /* placeholder.png in Resources */ = {isa = PBXBuildFile; fileRef = CE0E6DC622C4BA9F0028FF47 /* placeholder.png */; };
		CE0E6DC922C4BAF40028FF47 /* cassette.png in Resources */ = {isa = PBXBuildFile; fileRef = CE0E6DC822C4BAF40028FF47 /* cassette.png */; };
		CE0E6DCB22C4BBCC0028FF47 /* user.png in Resources */ = {isa = PBXBuildFile; fileRef = CE0E6DCA22C4BBCC0028FF47 /* user.png */; };
		CE0E6DD122C4BCD50028FF47 /* microphone.png in Resources */ = {isa = PBXBuildFile; fileRef = CE0E6DD022C4BCD40028FF47 /* microphone.png */; };
		CE100405229B725200660E82 /* AppDelegate.swift in Sources */ = {isa = PBXBuildFile; fileRef = CE100404229B725200660E82 /* AppDelegate.swift */; };
		CE10040A229B725200660E82 /* Main.storyboard in Resources */ = {isa = PBXBuildFile; fileRef = CE100408229B725200660E82 /* Main.storyboard */; };
		CE10040F229B725300660E82 /* LaunchScreen.storyboard in Resources */ = {isa = PBXBuildFile; fileRef = CE10040D229B725300660E82 /* LaunchScreen.storyboard */; };
		CE100418229B728D00660E82 /* LoginViewController.swift in Sources */ = {isa = PBXBuildFile; fileRef = CE100417229B728D00660E82 /* LoginViewController.swift */; };
		CE10041A229B764900660E82 /* RegisteredViewController.swift in Sources */ = {isa = PBXBuildFile; fileRef = CE100419229B764900660E82 /* RegisteredViewController.swift */; };
		CE140C0A22B8E30300EF1F1C /* PenViewController.swift in Sources */ = {isa = PBXBuildFile; fileRef = CE140C0922B8E30300EF1F1C /* PenViewController.swift */; };
		CE16A9E422C0A64D00B16983 /* Star.png in Resources */ = {isa = PBXBuildFile; fileRef = CE16A9E322C0A64D00B16983 /* Star.png */; };
		CE16A9E622C0ADB000B16983 /* Stop.png in Resources */ = {isa = PBXBuildFile; fileRef = CE16A9E522C0ADAF00B16983 /* Stop.png */; };
		CE21464822B4978100F39747 /* Record.swift in Sources */ = {isa = PBXBuildFile; fileRef = CE21464722B4978100F39747 /* Record.swift */; };
		CE94BC4D22A11FAF0005B8D0 /* UserViewController.swift in Sources */ = {isa = PBXBuildFile; fileRef = CE94BC4C22A11FAF0005B8D0 /* UserViewController.swift */; };
		CEBAFDEC22CB0EB90055A4AE /* top_line.png in Resources */ = {isa = PBXBuildFile; fileRef = CEBAFDEB22CB0EB90055A4AE /* top_line.png */; };
		CEBAFDEE22CB188E0055A4AE /* wood1.png in Resources */ = {isa = PBXBuildFile; fileRef = CEBAFDED22CB188E0055A4AE /* wood1.png */; };
		CEBAFDF022CB19BB0055A4AE /* wood＿board.png in Resources */ = {isa = PBXBuildFile; fileRef = CEBAFDEF22CB19BB0055A4AE /* wood＿board.png */; };
		CEBAFDF222CB1BB20055A4AE /* wood.png in Resources */ = {isa = PBXBuildFile; fileRef = CEBAFDF122CB1BB20055A4AE /* wood.png */; };
		CEC40AD1229FE6DD00674037 /* MyNavigationController.swift in Sources */ = {isa = PBXBuildFile; fileRef = CEC40AD0229FE6DD00674037 /* MyNavigationController.swift */; };
		CEF9016022B100CE004F5A4C /* RecordGoViewController.swift in Sources */ = {isa = PBXBuildFile; fileRef = CEF9015F22B100CE004F5A4C /* RecordGoViewController.swift */; };
		CEFF4423229E961B006A7449 /* MainAppViewController.swift in Sources */ = {isa = PBXBuildFile; fileRef = CEFF4422229E961B006A7449 /* MainAppViewController.swift */; };
		CEFFD38522CA5EA8000E46DF /* message.png in Resources */ = {isa = PBXBuildFile; fileRef = CEFFD38422CA5EA7000E46DF /* message.png */; };
		CEFFD38722CA5ED5000E46DF /* isLike.png in Resources */ = {isa = PBXBuildFile; fileRef = CEFFD38622CA5ED5000E46DF /* isLike.png */; };
		CEFFD38922CA5F93000E46DF /* Like.png in Resources */ = {isa = PBXBuildFile; fileRef = CEFFD38822CA5F93000E46DF /* Like.png */; };
		CEFFF87022B9E23A00D7BC8A /* RippleAnimationViewController.swift in Sources */ = {isa = PBXBuildFile; fileRef = CEFFF86F22B9E23A00D7BC8A /* RippleAnimationViewController.swift */; };
		CEFFF87222B9EAB600D7BC8A /* RippleLayer.swift in Sources */ = {isa = PBXBuildFile; fileRef = CEFFF87122B9EAB600D7BC8A /* RippleLayer.swift */; };
/* End PBXBuildFile section */

/* Begin PBXFileReference section */
		21E5157AEA82F1F2130B3B2D /* Pods-FriendRecord.debug.xcconfig */ = {isa = PBXFileReference; includeInIndex = 1; lastKnownFileType = text.xcconfig; name = "Pods-FriendRecord.debug.xcconfig"; path = "Target Support Files/Pods-FriendRecord/Pods-FriendRecord.debug.xcconfig"; sourceTree = "<group>"; };
		5A48B9E19FB7275ADC8E021E /* Pods_FriendRecord.framework */ = {isa = PBXFileReference; explicitFileType = wrapper.framework; includeInIndex = 0; path = Pods_FriendRecord.framework; sourceTree = BUILT_PRODUCTS_DIR; };
		CE0102C522A784B700EDB18A /* Login_Icon_ver_2.png */ = {isa = PBXFileReference; lastKnownFileType = image.png; path = Login_Icon_ver_2.png; sourceTree = "<group>"; };
		CE0102C822A7B4D100EDB18A /* UserData.swift */ = {isa = PBXFileReference; lastKnownFileType = sourcecode.swift; path = UserData.swift; sourceTree = "<group>"; };
		CE04BFC122C7390F00BC8300 /* pen.png */ = {isa = PBXFileReference; lastKnownFileType = image.png; path = pen.png; sourceTree = "<group>"; };
		CE04BFC322C7408200BC8300 /* Assets.xcassets */ = {isa = PBXFileReference; lastKnownFileType = folder.assetcatalog; path = Assets.xcassets; sourceTree = "<group>"; };
		CE0A3C8C229E1FC900649E2E /* Login.png */ = {isa = PBXFileReference; lastKnownFileType = image.png; name = Login.png; path = FriendRecord/Image/Login.png; sourceTree = SOURCE_ROOT; };
		CE0A3C8E229E5B0600649E2E /* functionswift.swift */ = {isa = PBXFileReference; lastKnownFileType = sourcecode.swift; path = functionswift.swift; sourceTree = "<group>"; };
		CE0A945622B1D35F00F7F031 /* UserPhotoViewController.swift */ = {isa = PBXFileReference; lastKnownFileType = sourcecode.swift; path = UserPhotoViewController.swift; sourceTree = "<group>"; };
		CE0A949822B238A300F7F031 /* Manager.swift */ = {isa = PBXFileReference; lastKnownFileType = sourcecode.swift; path = Manager.swift; sourceTree = "<group>"; };
		CE0B063F22ADF756007ADB36 /* CameraViewController.swift */ = {isa = PBXFileReference; lastKnownFileType = sourcecode.swift; path = CameraViewController.swift; sourceTree = "<group>"; };
		CE0D3D52229F5ECD008033D7 /* Login_Icon_ver_2_2.png */ = {isa = PBXFileReference; lastKnownFileType = image.png; path = Login_Icon_ver_2_2.png; sourceTree = "<group>"; };
		CE0D3D62229F92B0008033D7 /* MyTabBarController.swift */ = {isa = PBXFileReference; lastKnownFileType = sourcecode.swift; path = MyTabBarController.swift; sourceTree = "<group>"; };
		CE0DD11222CAE26F0031D4BA /* speaker.png */ = {isa = PBXFileReference; lastKnownFileType = image.png; path = speaker.png; sourceTree = "<group>"; };
		CE0DD11422CAE4720031D4BA /* line.png */ = {isa = PBXFileReference; lastKnownFileType = image.png; path = line.png; sourceTree = "<group>"; };
		CE0DD11622CAEEDC0031D4BA /* recordPen_Line.png */ = {isa = PBXFileReference; lastKnownFileType = image.png; path = recordPen_Line.png; sourceTree = "<group>"; };
		CE0DE89B22B08F7E00F49C5B /* userPhotoDefault.png */ = {isa = PBXFileReference; lastKnownFileType = image.png; path = userPhotoDefault.png; sourceTree = "<group>"; };
		CE0DE89F22B0C7CE00F49C5B /* MyUserTableViewCell.swift */ = {isa = PBXFileReference; lastKnownFileType = sourcecode.swift; path = MyUserTableViewCell.swift; sourceTree = "<group>"; };
		CE0DE8C122B0D96900F49C5B /* MyRecordTableViewCell.swift */ = {isa = PBXFileReference; lastKnownFileType = sourcecode.swift; path = MyRecordTableViewCell.swift; sourceTree = "<group>"; };
		CE0E6DAD22C44C880028FF47 /* MyCollectionViewCell.swift */ = {isa = PBXFileReference; lastKnownFileType = sourcecode.swift; path = MyCollectionViewCell.swift; sourceTree = "<group>"; };
		CE0E6DB022C497030028FF47 /* MapFrienderViewController.swift */ = {isa = PBXFileReference; lastKnownFileType = sourcecode.swift; path = MapFrienderViewController.swift; sourceTree = "<group>"; };
		CE0E6DC622C4BA9F0028FF47 /* placeholder.png */ = {isa = PBXFileReference; lastKnownFileType = image.png; path = placeholder.png; sourceTree = "<group>"; };
		CE0E6DC822C4BAF40028FF47 /* cassette.png */ = {isa = PBXFileReference; lastKnownFileType = image.png; path = cassette.png; sourceTree = "<group>"; };
		CE0E6DCA22C4BBCC0028FF47 /* user.png */ = {isa = PBXFileReference; lastKnownFileType = image.png; path = user.png; sourceTree = "<group>"; };
		CE0E6DD022C4BCD40028FF47 /* microphone.png */ = {isa = PBXFileReference; lastKnownFileType = image.png; path = microphone.png; sourceTree = "<group>"; };
		CE100401229B725200660E82 /* FriendRecord.app */ = {isa = PBXFileReference; explicitFileType = wrapper.application; includeInIndex = 0; path = FriendRecord.app; sourceTree = BUILT_PRODUCTS_DIR; };
		CE100404229B725200660E82 /* AppDelegate.swift */ = {isa = PBXFileReference; lastKnownFileType = sourcecode.swift; path = AppDelegate.swift; sourceTree = "<group>"; };
		CE100409229B725200660E82 /* Base */ = {isa = PBXFileReference; lastKnownFileType = file.storyboard; name = Base; path = Base.lproj/Main.storyboard; sourceTree = "<group>"; };
		CE10040E229B725300660E82 /* Base */ = {isa = PBXFileReference; lastKnownFileType = file.storyboard; name = Base; path = Base.lproj/LaunchScreen.storyboard; sourceTree = "<group>"; };
		CE100410229B725300660E82 /* Info.plist */ = {isa = PBXFileReference; lastKnownFileType = text.plist.xml; path = Info.plist; sourceTree = "<group>"; };
		CE100417229B728D00660E82 /* LoginViewController.swift */ = {isa = PBXFileReference; lastKnownFileType = sourcecode.swift; path = LoginViewController.swift; sourceTree = "<group>"; };
		CE100419229B764900660E82 /* RegisteredViewController.swift */ = {isa = PBXFileReference; lastKnownFileType = sourcecode.swift; path = RegisteredViewController.swift; sourceTree = "<group>"; };
		CE140C0922B8E30300EF1F1C /* PenViewController.swift */ = {isa = PBXFileReference; lastKnownFileType = sourcecode.swift; path = PenViewController.swift; sourceTree = "<group>"; };
		CE16A9E322C0A64D00B16983 /* Star.png */ = {isa = PBXFileReference; lastKnownFileType = image.png; path = Star.png; sourceTree = "<group>"; };
		CE16A9E522C0ADAF00B16983 /* Stop.png */ = {isa = PBXFileReference; lastKnownFileType = image.png; path = Stop.png; sourceTree = "<group>"; };
		CE21464722B4978100F39747 /* Record.swift */ = {isa = PBXFileReference; lastKnownFileType = sourcecode.swift; path = Record.swift; sourceTree = "<group>"; };
		CE94BC4C22A11FAF0005B8D0 /* UserViewController.swift */ = {isa = PBXFileReference; lastKnownFileType = sourcecode.swift; path = UserViewController.swift; sourceTree = "<group>"; };
		CEBAFDEB22CB0EB90055A4AE /* top_line.png */ = {isa = PBXFileReference; lastKnownFileType = image.png; path = top_line.png; sourceTree = "<group>"; };
		CEBAFDED22CB188E0055A4AE /* wood1.png */ = {isa = PBXFileReference; lastKnownFileType = image.png; path = wood1.png; sourceTree = "<group>"; };
		CEBAFDEF22CB19BB0055A4AE /* wood＿board.png */ = {isa = PBXFileReference; lastKnownFileType = image.png; path = "wood＿board.png"; sourceTree = "<group>"; };
		CEBAFDF122CB1BB20055A4AE /* wood.png */ = {isa = PBXFileReference; lastKnownFileType = image.png; path = wood.png; sourceTree = "<group>"; };
		CEC40AD0229FE6DD00674037 /* MyNavigationController.swift */ = {isa = PBXFileReference; lastKnownFileType = sourcecode.swift; path = MyNavigationController.swift; sourceTree = "<group>"; };
		CEF9015F22B100CE004F5A4C /* RecordGoViewController.swift */ = {isa = PBXFileReference; lastKnownFileType = sourcecode.swift; path = RecordGoViewController.swift; sourceTree = "<group>"; };
		CEFF4422229E961B006A7449 /* MainAppViewController.swift */ = {isa = PBXFileReference; lastKnownFileType = sourcecode.swift; path = MainAppViewController.swift; sourceTree = "<group>"; };
		CEFFD38422CA5EA7000E46DF /* message.png */ = {isa = PBXFileReference; lastKnownFileType = image.png; path = message.png; sourceTree = "<group>"; };
		CEFFD38622CA5ED5000E46DF /* isLike.png */ = {isa = PBXFileReference; lastKnownFileType = image.png; path = isLike.png; sourceTree = "<group>"; };
		CEFFD38822CA5F93000E46DF /* Like.png */ = {isa = PBXFileReference; lastKnownFileType = image.png; path = Like.png; sourceTree = "<group>"; };
		CEFFF86F22B9E23A00D7BC8A /* RippleAnimationViewController.swift */ = {isa = PBXFileReference; lastKnownFileType = sourcecode.swift; path = RippleAnimationViewController.swift; sourceTree = "<group>"; };
		CEFFF87122B9EAB600D7BC8A /* RippleLayer.swift */ = {isa = PBXFileReference; lastKnownFileType = sourcecode.swift; path = RippleLayer.swift; sourceTree = "<group>"; };
		D392B1B28DCD8BE790EA3ED6 /* Pods-FriendRecord.release.xcconfig */ = {isa = PBXFileReference; includeInIndex = 1; lastKnownFileType = text.xcconfig; name = "Pods-FriendRecord.release.xcconfig"; path = "Target Support Files/Pods-FriendRecord/Pods-FriendRecord.release.xcconfig"; sourceTree = "<group>"; };
/* End PBXFileReference section */

/* Begin PBXFrameworksBuildPhase section */
		CE1003FE229B725200660E82 /* Frameworks */ = {
			isa = PBXFrameworksBuildPhase;
			buildActionMask = 2147483647;
			files = (
				C32AF5DD184C6838401E3E1C /* Pods_FriendRecord.framework in Frameworks */,
			);
			runOnlyForDeploymentPostprocessing = 0;
		};
/* End PBXFrameworksBuildPhase section */

/* Begin PBXGroup section */
		B94B99A32CF7F0478CBD3A4D /* Pods */ = {
			isa = PBXGroup;
			children = (
				21E5157AEA82F1F2130B3B2D /* Pods-FriendRecord.debug.xcconfig */,
				D392B1B28DCD8BE790EA3ED6 /* Pods-FriendRecord.release.xcconfig */,
			);
			path = Pods;
			sourceTree = "<group>";
		};
		C32CD91293D8D3110CBE0DE0 /* Frameworks */ = {
			isa = PBXGroup;
			children = (
				5A48B9E19FB7275ADC8E021E /* Pods_FriendRecord.framework */,
			);
			name = Frameworks;
			sourceTree = "<group>";
		};
		CE0102BD22A7831800EDB18A /* Function */ = {
			isa = PBXGroup;
			children = (
				CE0A949822B238A300F7F031 /* Manager.swift */,
			);
			path = Function;
			sourceTree = "<group>";
		};
		CE0102C222A783E600EDB18A /* MainApp */ = {
			isa = PBXGroup;
			children = (
				CE0D3D62229F92B0008033D7 /* MyTabBarController.swift */,
				CEFF4422229E961B006A7449 /* MainAppViewController.swift */,
				CEF9015F22B100CE004F5A4C /* RecordGoViewController.swift */,
				CE140C0922B8E30300EF1F1C /* PenViewController.swift */,
				CE21464922B4978600F39747 /* Object */,
				CE0DE89E22B0C78800F49C5B /* CustomCell */,
			);
			path = MainApp;
			sourceTree = "<group>";
		};
		CE0102C322A7841700EDB18A /* Image */ = {
			isa = PBXGroup;
			children = (
				CEBAFDF122CB1BB20055A4AE /* wood.png */,
				CEBAFDEF22CB19BB0055A4AE /* wood＿board.png */,
				CEBAFDED22CB188E0055A4AE /* wood1.png */,
				CEBAFDEB22CB0EB90055A4AE /* top_line.png */,
				CE0DD11422CAE4720031D4BA /* line.png */,
				CE0DD11622CAEEDC0031D4BA /* recordPen_Line.png */,
				CEFFD38622CA5ED5000E46DF /* isLike.png */,
				CE0DD11222CAE26F0031D4BA /* speaker.png */,
				CEFFD38822CA5F93000E46DF /* Like.png */,
				CEFFD38422CA5EA7000E46DF /* message.png */,
				CE04BFC122C7390F00BC8300 /* pen.png */,
				CE0E6DD022C4BCD40028FF47 /* microphone.png */,
				CE0E6DCA22C4BBCC0028FF47 /* user.png */,
				CE0E6DC622C4BA9F0028FF47 /* placeholder.png */,
				CE0E6DC822C4BAF40028FF47 /* cassette.png */,
				CE16A9E322C0A64D00B16983 /* Star.png */,
				CE16A9E522C0ADAF00B16983 /* Stop.png */,
				CE0DE89B22B08F7E00F49C5B /* userPhotoDefault.png */,
				CE0A3C8C229E1FC900649E2E /* Login.png */,
				CE0102C522A784B700EDB18A /* Login_Icon_ver_2.png */,
				CE0D3D52229F5ECD008033D7 /* Login_Icon_ver_2_2.png */,
			);
			path = Image;
			sourceTree = "<group>";
		};
		CE0102C722A784C900EDB18A /* Other */ = {
			isa = PBXGroup;
			children = (
				CE0E6DAF22C496D00028FF47 /* MapFriender */,
				CEC40AD0229FE6DD00674037 /* MyNavigationController.swift */,
				CE0A3C8E229E5B0600649E2E /* functionswift.swift */,
				CE0B063F22ADF756007ADB36 /* CameraViewController.swift */,
				CEFFF86F22B9E23A00D7BC8A /* RippleAnimationViewController.swift */,
			);
			path = Other;
			sourceTree = "<group>";
		};
		CE0DE89E22B0C78800F49C5B /* CustomCell */ = {
			isa = PBXGroup;
			children = (
				CE0DE89F22B0C7CE00F49C5B /* MyUserTableViewCell.swift */,
				CE0DE8C122B0D96900F49C5B /* MyRecordTableViewCell.swift */,
			);
			path = CustomCell;
			sourceTree = "<group>";
		};
		CE0E6DAC22C44C490028FF47 /* CustomCell */ = {
			isa = PBXGroup;
			children = (
				CE0E6DAD22C44C880028FF47 /* MyCollectionViewCell.swift */,
			);
			path = CustomCell;
			sourceTree = "<group>";
		};
		CE0E6DAF22C496D00028FF47 /* MapFriender */ = {
			isa = PBXGroup;
			children = (
				CE0E6DB022C497030028FF47 /* MapFrienderViewController.swift */,
			);
			path = MapFriender;
			sourceTree = "<group>";
		};
		CE1003F8229B725200660E82 = {
			isa = PBXGroup;
			children = (
				CE100403229B725200660E82 /* FriendRecord */,
				CE100402229B725200660E82 /* Products */,
				B94B99A32CF7F0478CBD3A4D /* Pods */,
				C32CD91293D8D3110CBE0DE0 /* Frameworks */,
			);
			sourceTree = "<group>";
		};
		CE100402229B725200660E82 /* Products */ = {
			isa = PBXGroup;
			children = (
				CE100401229B725200660E82 /* FriendRecord.app */,
			);
			name = Products;
			sourceTree = "<group>";
		};
		CE100403229B725200660E82 /* FriendRecord */ = {
			isa = PBXGroup;
			children = (
				CE100408229B725200660E82 /* Main.storyboard */,
				CE10040D229B725300660E82 /* LaunchScreen.storyboard */,
				CE04BFC322C7408200BC8300 /* Assets.xcassets */,
				CE100404229B725200660E82 /* AppDelegate.swift */,
				CE100410229B725300660E82 /* Info.plist */,
				CE0102BD22A7831800EDB18A /* Function */,
				CE100416229B726300660E82 /* Login */,
				CE0102C222A783E600EDB18A /* MainApp */,
				CE15D74822A6885700892340 /* PersonalApp */,
				CE106C5422C1A26D005DF25E /* Animation */,
				CE0102C322A7841700EDB18A /* Image */,
				CE0102C722A784C900EDB18A /* Other */,
			);
			path = FriendRecord;
			sourceTree = "<group>";
		};
		CE100416229B726300660E82 /* Login */ = {
			isa = PBXGroup;
			children = (
				CE100417229B728D00660E82 /* LoginViewController.swift */,
				CE100419229B764900660E82 /* RegisteredViewController.swift */,
				CE63540622CB30D900E05A02 /* Object */,
			);
			path = Login;
			sourceTree = "<group>";
		};
		CE106C5422C1A26D005DF25E /* Animation */ = {
			isa = PBXGroup;
			children = (
				CEFFF87122B9EAB600D7BC8A /* RippleLayer.swift */,
			);
			path = Animation;
			sourceTree = "<group>";
		};
		CE15D74822A6885700892340 /* PersonalApp */ = {
			isa = PBXGroup;
			children = (
				CE94BC4C22A11FAF0005B8D0 /* UserViewController.swift */,
				CE0A945622B1D35F00F7F031 /* UserPhotoViewController.swift */,
				CE0E6DAC22C44C490028FF47 /* CustomCell */,
			);
			path = PersonalApp;
			sourceTree = "<group>";
		};
		CE21464922B4978600F39747 /* Object */ = {
			isa = PBXGroup;
			children = (
				CE21464722B4978100F39747 /* Record.swift */,
			);
			path = Object;
			sourceTree = "<group>";
		};
		CE63540622CB30D900E05A02 /* Object */ = {
			isa = PBXGroup;
			children = (
				CE0102C822A7B4D100EDB18A /* UserData.swift */,
			);
			path = Object;
			sourceTree = "<group>";
		};
/* End PBXGroup section */

/* Begin PBXNativeTarget section */
		CE100400229B725200660E82 /* FriendRecord */ = {
			isa = PBXNativeTarget;
			buildConfigurationList = CE100413229B725300660E82 /* Build configuration list for PBXNativeTarget "FriendRecord" */;
			buildPhases = (
				168E8110FE61DF3488262841 /* [CP] Check Pods Manifest.lock */,
				CE1003FD229B725200660E82 /* Sources */,
				CE1003FE229B725200660E82 /* Frameworks */,
				CE1003FF229B725200660E82 /* Resources */,
				74CB3844446CAC8BDA2581B9 /* [CP] Embed Pods Frameworks */,
			);
			buildRules = (
			);
			dependencies = (
			);
			name = FriendRecord;
			productName = FriendRecord;
			productReference = CE100401229B725200660E82 /* FriendRecord.app */;
			productType = "com.apple.product-type.application";
		};
/* End PBXNativeTarget section */

/* Begin PBXProject section */
		CE1003F9229B725200660E82 /* Project object */ = {
			isa = PBXProject;
			attributes = {
				LastSwiftUpdateCheck = 1020;
				LastUpgradeCheck = 1020;
				ORGANIZATIONNAME = "林易興";
				TargetAttributes = {
					CE100400229B725200660E82 = {
						CreatedOnToolsVersion = 10.2;
						SystemCapabilities = {
							com.apple.BackgroundModes = {
								enabled = 1;
							};
						};
					};
				};
			};
			buildConfigurationList = CE1003FC229B725200660E82 /* Build configuration list for PBXProject "FriendRecord" */;
			compatibilityVersion = "Xcode 9.3";
			developmentRegion = en;
			hasScannedForEncodings = 0;
			knownRegions = (
				en,
				Base,
			);
			mainGroup = CE1003F8229B725200660E82;
			productRefGroup = CE100402229B725200660E82 /* Products */;
			projectDirPath = "";
			projectRoot = "";
			targets = (
				CE100400229B725200660E82 /* FriendRecord */,
			);
		};
/* End PBXProject section */

/* Begin PBXResourcesBuildPhase section */
		CE1003FF229B725200660E82 /* Resources */ = {
			isa = PBXResourcesBuildPhase;
			buildActionMask = 2147483647;
			files = (
				CE0D3D53229F5ECD008033D7 /* Login_Icon_ver_2_2.png in Resources */,
				CE0DE89C22B08F7E00F49C5B /* userPhotoDefault.png in Resources */,
				CE10040F229B725300660E82 /* LaunchScreen.storyboard in Resources */,
				CE0E6DC722C4BA9F0028FF47 /* placeholder.png in Resources */,
				CE0E6DD122C4BCD50028FF47 /* microphone.png in Resources */,
				CEFFD38722CA5ED5000E46DF /* isLike.png in Resources */,
				CEBAFDEE22CB188E0055A4AE /* wood1.png in Resources */,
				CE0DD11522CAE4720031D4BA /* line.png in Resources */,
				CEBAFDF222CB1BB20055A4AE /* wood.png in Resources */,
				CE0DD11322CAE2700031D4BA /* speaker.png in Resources */,
				CE0E6DCB22C4BBCC0028FF47 /* user.png in Resources */,
				CEFFD38522CA5EA8000E46DF /* message.png in Resources */,
				CEFFD38922CA5F93000E46DF /* Like.png in Resources */,
				CE16A9E422C0A64D00B16983 /* Star.png in Resources */,
				CE0A3C8D229E1FC900649E2E /* Login.png in Resources */,
				CE04BFC422C7408300BC8300 /* Assets.xcassets in Resources */,
				CE0DD11722CAEEDC0031D4BA /* recordPen_Line.png in Resources */,
				CE0E6DC922C4BAF40028FF47 /* cassette.png in Resources */,
				CE16A9E622C0ADB000B16983 /* Stop.png in Resources */,
				CE04BFC222C7390F00BC8300 /* pen.png in Resources */,
				CEBAFDEC22CB0EB90055A4AE /* top_line.png in Resources */,
				CE10040A229B725200660E82 /* Main.storyboard in Resources */,
				CE0102C622A784B700EDB18A /* Login_Icon_ver_2.png in Resources */,
				CEBAFDF022CB19BB0055A4AE /* wood＿board.png in Resources */,
			);
			runOnlyForDeploymentPostprocessing = 0;
		};
/* End PBXResourcesBuildPhase section */

/* Begin PBXShellScriptBuildPhase section */
		168E8110FE61DF3488262841 /* [CP] Check Pods Manifest.lock */ = {
			isa = PBXShellScriptBuildPhase;
			buildActionMask = 2147483647;
			files = (
			);
			inputFileListPaths = (
			);
			inputPaths = (
				"${PODS_PODFILE_DIR_PATH}/Podfile.lock",
				"${PODS_ROOT}/Manifest.lock",
			);
			name = "[CP] Check Pods Manifest.lock";
			outputFileListPaths = (
			);
			outputPaths = (
				"$(DERIVED_FILE_DIR)/Pods-FriendRecord-checkManifestLockResult.txt",
			);
			runOnlyForDeploymentPostprocessing = 0;
			shellPath = /bin/sh;
			shellScript = "diff \"${PODS_PODFILE_DIR_PATH}/Podfile.lock\" \"${PODS_ROOT}/Manifest.lock\" > /dev/null\nif [ $? != 0 ] ; then\n    # print error to STDERR\n    echo \"error: The sandbox is not in sync with the Podfile.lock. Run 'pod install' or update your CocoaPods installation.\" >&2\n    exit 1\nfi\n# This output is used by Xcode 'outputs' to avoid re-running this script phase.\necho \"SUCCESS\" > \"${SCRIPT_OUTPUT_FILE_0}\"\n";
			showEnvVarsInLog = 0;
		};
		74CB3844446CAC8BDA2581B9 /* [CP] Embed Pods Frameworks */ = {
			isa = PBXShellScriptBuildPhase;
			buildActionMask = 2147483647;
			files = (
			);
			inputFileListPaths = (
			);
			inputPaths = (
				"${PODS_ROOT}/Target Support Files/Pods-FriendRecord/Pods-FriendRecord-frameworks.sh",
				"${BUILT_PRODUCTS_DIR}/FoldingCell/FoldingCell.framework",
			);
			name = "[CP] Embed Pods Frameworks";
			outputFileListPaths = (
			);
			outputPaths = (
				"${TARGET_BUILD_DIR}/${FRAMEWORKS_FOLDER_PATH}/FoldingCell.framework",
			);
			runOnlyForDeploymentPostprocessing = 0;
			shellPath = /bin/sh;
			shellScript = "\"${PODS_ROOT}/Target Support Files/Pods-FriendRecord/Pods-FriendRecord-frameworks.sh\"\n";
			showEnvVarsInLog = 0;
		};
/* End PBXShellScriptBuildPhase section */

/* Begin PBXSourcesBuildPhase section */
		CE1003FD229B725200660E82 /* Sources */ = {
			isa = PBXSourcesBuildPhase;
			buildActionMask = 2147483647;
			files = (
				CE100418229B728D00660E82 /* LoginViewController.swift in Sources */,
				CE0B064022ADF756007ADB36 /* CameraViewController.swift in Sources */,
				CE0A949922B238A300F7F031 /* Manager.swift in Sources */,
				CE94BC4D22A11FAF0005B8D0 /* UserViewController.swift in Sources */,
				CEFF4423229E961B006A7449 /* MainAppViewController.swift in Sources */,
				CE0E6DB122C497030028FF47 /* MapFrienderViewController.swift in Sources */,
				CE0102C922A7B4D100EDB18A /* UserData.swift in Sources */,
				CE0DE8A022B0C7CE00F49C5B /* MyUserTableViewCell.swift in Sources */,
				CE0E6DAE22C44C880028FF47 /* MyCollectionViewCell.swift in Sources */,
				CE21464822B4978100F39747 /* Record.swift in Sources */,
				CEFFF87222B9EAB600D7BC8A /* RippleLayer.swift in Sources */,
				CE0A3C8F229E5B0600649E2E /* functionswift.swift in Sources */,
				CEC40AD1229FE6DD00674037 /* MyNavigationController.swift in Sources */,
				CEF9016022B100CE004F5A4C /* RecordGoViewController.swift in Sources */,
				CE10041A229B764900660E82 /* RegisteredViewController.swift in Sources */,
				CE100405229B725200660E82 /* AppDelegate.swift in Sources */,
				CE140C0A22B8E30300EF1F1C /* PenViewController.swift in Sources */,
				CE0D3D63229F92B0008033D7 /* MyTabBarController.swift in Sources */,
				CEFFF87022B9E23A00D7BC8A /* RippleAnimationViewController.swift in Sources */,
				CE0A945722B1D35F00F7F031 /* UserPhotoViewController.swift in Sources */,
				CE0DE8C222B0D96900F49C5B /* MyRecordTableViewCell.swift in Sources */,
			);
			runOnlyForDeploymentPostprocessing = 0;
		};
/* End PBXSourcesBuildPhase section */

/* Begin PBXVariantGroup section */
		CE100408229B725200660E82 /* Main.storyboard */ = {
			isa = PBXVariantGroup;
			children = (
				CE100409229B725200660E82 /* Base */,
			);
			name = Main.storyboard;
			sourceTree = "<group>";
		};
		CE10040D229B725300660E82 /* LaunchScreen.storyboard */ = {
			isa = PBXVariantGroup;
			children = (
				CE10040E229B725300660E82 /* Base */,
			);
			name = LaunchScreen.storyboard;
			sourceTree = "<group>";
		};
/* End PBXVariantGroup section */

/* Begin XCBuildConfiguration section */
		CE100411229B725300660E82 /* Debug */ = {
			isa = XCBuildConfiguration;
			buildSettings = {
				ALWAYS_SEARCH_USER_PATHS = NO;
				CLANG_ANALYZER_NONNULL = YES;
				CLANG_ANALYZER_NUMBER_OBJECT_CONVERSION = YES_AGGRESSIVE;
				CLANG_CXX_LANGUAGE_STANDARD = "gnu++14";
				CLANG_CXX_LIBRARY = "libc++";
				CLANG_ENABLE_MODULES = YES;
				CLANG_ENABLE_OBJC_ARC = YES;
				CLANG_ENABLE_OBJC_WEAK = YES;
				CLANG_WARN_BLOCK_CAPTURE_AUTORELEASING = YES;
				CLANG_WARN_BOOL_CONVERSION = YES;
				CLANG_WARN_COMMA = YES;
				CLANG_WARN_CONSTANT_CONVERSION = YES;
				CLANG_WARN_DEPRECATED_OBJC_IMPLEMENTATIONS = YES;
				CLANG_WARN_DIRECT_OBJC_ISA_USAGE = YES_ERROR;
				CLANG_WARN_DOCUMENTATION_COMMENTS = YES;
				CLANG_WARN_EMPTY_BODY = YES;
				CLANG_WARN_ENUM_CONVERSION = YES;
				CLANG_WARN_INFINITE_RECURSION = YES;
				CLANG_WARN_INT_CONVERSION = YES;
				CLANG_WARN_NON_LITERAL_NULL_CONVERSION = YES;
				CLANG_WARN_OBJC_IMPLICIT_RETAIN_SELF = YES;
				CLANG_WARN_OBJC_LITERAL_CONVERSION = YES;
				CLANG_WARN_OBJC_ROOT_CLASS = YES_ERROR;
				CLANG_WARN_RANGE_LOOP_ANALYSIS = YES;
				CLANG_WARN_STRICT_PROTOTYPES = YES;
				CLANG_WARN_SUSPICIOUS_MOVE = YES;
				CLANG_WARN_UNGUARDED_AVAILABILITY = YES_AGGRESSIVE;
				CLANG_WARN_UNREACHABLE_CODE = YES;
				CLANG_WARN__DUPLICATE_METHOD_MATCH = YES;
				CODE_SIGN_IDENTITY = "iPhone Developer";
				COPY_PHASE_STRIP = NO;
				DEBUG_INFORMATION_FORMAT = dwarf;
				ENABLE_STRICT_OBJC_MSGSEND = YES;
				ENABLE_TESTABILITY = YES;
				GCC_C_LANGUAGE_STANDARD = gnu11;
				GCC_DYNAMIC_NO_PIC = NO;
				GCC_NO_COMMON_BLOCKS = YES;
				GCC_OPTIMIZATION_LEVEL = 0;
				GCC_PREPROCESSOR_DEFINITIONS = (
					"DEBUG=1",
					"$(inherited)",
				);
				GCC_WARN_64_TO_32_BIT_CONVERSION = YES;
				GCC_WARN_ABOUT_RETURN_TYPE = YES_ERROR;
				GCC_WARN_UNDECLARED_SELECTOR = YES;
				GCC_WARN_UNINITIALIZED_AUTOS = YES_AGGRESSIVE;
				GCC_WARN_UNUSED_FUNCTION = YES;
				GCC_WARN_UNUSED_VARIABLE = YES;
				IPHONEOS_DEPLOYMENT_TARGET = 12.2;
				MTL_ENABLE_DEBUG_INFO = INCLUDE_SOURCE;
				MTL_FAST_MATH = YES;
				ONLY_ACTIVE_ARCH = YES;
				SDKROOT = iphoneos;
				SWIFT_ACTIVE_COMPILATION_CONDITIONS = DEBUG;
				SWIFT_OPTIMIZATION_LEVEL = "-Onone";
			};
			name = Debug;
		};
		CE100412229B725300660E82 /* Release */ = {
			isa = XCBuildConfiguration;
			buildSettings = {
				ALWAYS_SEARCH_USER_PATHS = NO;
				CLANG_ANALYZER_NONNULL = YES;
				CLANG_ANALYZER_NUMBER_OBJECT_CONVERSION = YES_AGGRESSIVE;
				CLANG_CXX_LANGUAGE_STANDARD = "gnu++14";
				CLANG_CXX_LIBRARY = "libc++";
				CLANG_ENABLE_MODULES = YES;
				CLANG_ENABLE_OBJC_ARC = YES;
				CLANG_ENABLE_OBJC_WEAK = YES;
				CLANG_WARN_BLOCK_CAPTURE_AUTORELEASING = YES;
				CLANG_WARN_BOOL_CONVERSION = YES;
				CLANG_WARN_COMMA = YES;
				CLANG_WARN_CONSTANT_CONVERSION = YES;
				CLANG_WARN_DEPRECATED_OBJC_IMPLEMENTATIONS = YES;
				CLANG_WARN_DIRECT_OBJC_ISA_USAGE = YES_ERROR;
				CLANG_WARN_DOCUMENTATION_COMMENTS = YES;
				CLANG_WARN_EMPTY_BODY = YES;
				CLANG_WARN_ENUM_CONVERSION = YES;
				CLANG_WARN_INFINITE_RECURSION = YES;
				CLANG_WARN_INT_CONVERSION = YES;
				CLANG_WARN_NON_LITERAL_NULL_CONVERSION = YES;
				CLANG_WARN_OBJC_IMPLICIT_RETAIN_SELF = YES;
				CLANG_WARN_OBJC_LITERAL_CONVERSION = YES;
				CLANG_WARN_OBJC_ROOT_CLASS = YES_ERROR;
				CLANG_WARN_RANGE_LOOP_ANALYSIS = YES;
				CLANG_WARN_STRICT_PROTOTYPES = YES;
				CLANG_WARN_SUSPICIOUS_MOVE = YES;
				CLANG_WARN_UNGUARDED_AVAILABILITY = YES_AGGRESSIVE;
				CLANG_WARN_UNREACHABLE_CODE = YES;
				CLANG_WARN__DUPLICATE_METHOD_MATCH = YES;
				CODE_SIGN_IDENTITY = "iPhone Developer";
				COPY_PHASE_STRIP = NO;
				DEBUG_INFORMATION_FORMAT = "dwarf-with-dsym";
				ENABLE_NS_ASSERTIONS = NO;
				ENABLE_STRICT_OBJC_MSGSEND = YES;
				GCC_C_LANGUAGE_STANDARD = gnu11;
				GCC_NO_COMMON_BLOCKS = YES;
				GCC_WARN_64_TO_32_BIT_CONVERSION = YES;
				GCC_WARN_ABOUT_RETURN_TYPE = YES_ERROR;
				GCC_WARN_UNDECLARED_SELECTOR = YES;
				GCC_WARN_UNINITIALIZED_AUTOS = YES_AGGRESSIVE;
				GCC_WARN_UNUSED_FUNCTION = YES;
				GCC_WARN_UNUSED_VARIABLE = YES;
				IPHONEOS_DEPLOYMENT_TARGET = 12.2;
				MTL_ENABLE_DEBUG_INFO = NO;
				MTL_FAST_MATH = YES;
				SDKROOT = iphoneos;
				SWIFT_COMPILATION_MODE = wholemodule;
				SWIFT_OPTIMIZATION_LEVEL = "-O";
				VALIDATE_PRODUCT = YES;
			};
			name = Release;
		};
		CE100414229B725300660E82 /* Debug */ = {
			isa = XCBuildConfiguration;
			baseConfigurationReference = 21E5157AEA82F1F2130B3B2D /* Pods-FriendRecord.debug.xcconfig */;
			buildSettings = {
				ASSETCATALOG_COMPILER_APPICON_NAME = AppIcon;
				CODE_SIGN_STYLE = Automatic;
				DEVELOPMENT_TEAM = 6Y8RK23U73;
				INFOPLIST_FILE = FriendRecord/Info.plist;
				LD_RUNPATH_SEARCH_PATHS = (
					"$(inherited)",
					"@executable_path/Frameworks",
				);
				PRODUCT_BUNDLE_IDENTIFIER = com.ej.www.FriendRecord;
				PRODUCT_NAME = "$(TARGET_NAME)";
				SWIFT_VERSION = 5.0;
				TARGETED_DEVICE_FAMILY = "1,2";
			};
			name = Debug;
		};
		CE100415229B725300660E82 /* Release */ = {
			isa = XCBuildConfiguration;
			baseConfigurationReference = D392B1B28DCD8BE790EA3ED6 /* Pods-FriendRecord.release.xcconfig */;
			buildSettings = {
				ASSETCATALOG_COMPILER_APPICON_NAME = AppIcon;
				CODE_SIGN_STYLE = Automatic;
				DEVELOPMENT_TEAM = 6Y8RK23U73;
				INFOPLIST_FILE = FriendRecord/Info.plist;
				LD_RUNPATH_SEARCH_PATHS = (
					"$(inherited)",
					"@executable_path/Frameworks",
				);
				PRODUCT_BUNDLE_IDENTIFIER = com.ej.www.FriendRecord;
				PRODUCT_NAME = "$(TARGET_NAME)";
				SWIFT_VERSION = 5.0;
				TARGETED_DEVICE_FAMILY = "1,2";
			};
			name = Release;
		};
/* End XCBuildConfiguration section */

/* Begin XCConfigurationList section */
		CE1003FC229B725200660E82 /* Build configuration list for PBXProject "FriendRecord" */ = {
			isa = XCConfigurationList;
			buildConfigurations = (
				CE100411229B725300660E82 /* Debug */,
				CE100412229B725300660E82 /* Release */,
			);
			defaultConfigurationIsVisible = 0;
			defaultConfigurationName = Release;
		};
		CE100413229B725300660E82 /* Build configuration list for PBXNativeTarget "FriendRecord" */ = {
			isa = XCConfigurationList;
			buildConfigurations = (
				CE100414229B725300660E82 /* Debug */,
				CE100415229B725300660E82 /* Release */,
			);
			defaultConfigurationIsVisible = 0;
			defaultConfigurationName = Release;
		};
/* End XCConfigurationList section */
	};
	rootObject = CE1003F9229B725200660E82 /* Project object */;
}
