// !$*UTF8*$!
{
	archiveVersion = 1;
	classes = {
	};
	objectVersion = 50;
	objects = {

/* Begin PBXBuildFile section */
		C32AF5DD184C6838401E3E1C /* Pods_FriendRecord.framework in Frameworks */ = {isa = PBXBuildFile; fileRef = 5A48B9E19FB7275ADC8E021E /* Pods_FriendRecord.framework */; };
		CE0102C622A784B700EDB18A /* Login_Icon_ver_2.png in Resources */ = {isa = PBXBuildFile; fileRef = CE0102C522A784B700EDB18A /* Login_Icon_ver_2.png */; };
		CE0102C922A7B4D100EDB18A /* UserData.swift in Sources */ = {isa = PBXBuildFile; fileRef = CE0102C822A7B4D100EDB18A /* UserData.swift */; };
		CE04BFC422C7408300BC8300 /* Assets.xcassets in Resources */ = {isa = PBXBuildFile; fileRef = CE04BFC322C7408200BC8300 /* Assets.xcassets */; };
		CE0A3C8F229E5B0600649E2E /* functionswift.swift in Sources */ = {isa = PBXBuildFile; fileRef = CE0A3C8E229E5B0600649E2E /* functionswift.swift */; };
		CE0A945722B1D35F00F7F031 /* UserPhotoViewController.swift in Sources */ = {isa = PBXBuildFile; fileRef = CE0A945622B1D35F00F7F031 /* UserPhotoViewController.swift */; };
		CE0A949922B238A300F7F031 /* Manager.swift in Sources */ = {isa = PBXBuildFile; fileRef = CE0A949822B238A300F7F031 /* Manager.swift */; };
		CE0B064022ADF756007ADB36 /* CameraViewController.swift in Sources */ = {isa = PBXBuildFile; fileRef = CE0B063F22ADF756007ADB36 /* CameraViewController.swift */; };
		CE0D3D53229F5ECD008033D7 /* Login_Icon_ver_2_2.png in Resources */ = {isa = PBXBuildFile; fileRef = CE0D3D52229F5ECD008033D7 /* Login_Icon_ver_2_2.png */; };
		CE0D3D63229F92B0008033D7 /* MyTabBarController.swift in Sources */ = {isa = PBXBuildFile; fileRef = CE0D3D62229F92B0008033D7 /* MyTabBarController.swift */; };
		CE0D550C22D6F5AA00E67642 /* MessageIsFriend.swift in Sources */ = {isa = PBXBuildFile; fileRef = CE0D550B22D6F5AA00E67642 /* MessageIsFriend.swift */; };
		CE0DB35B22D5BD450053B86C /* GoogleService-Info.plist in Resources */ = {isa = PBXBuildFile; fileRef = CE0DB35A22D5BD450053B86C /* GoogleService-Info.plist */; };
		CE0DD11522CAE4720031D4BA /* line.png in Resources */ = {isa = PBXBuildFile; fileRef = CE0DD11422CAE4720031D4BA /* line.png */; };
		CE0DD11722CAEEDC0031D4BA /* recordPen_Line.png in Resources */ = {isa = PBXBuildFile; fileRef = CE0DD11622CAEEDC0031D4BA /* recordPen_Line.png */; };
		CE0DDC3C22D06A0B00E89E0E /* Login.png in Resources */ = {isa = PBXBuildFile; fileRef = CE0DDC3B22D06A0B00E89E0E /* Login.png */; };
		CE0DE89C22B08F7E00F49C5B /* userPhotoDefault.png in Resources */ = {isa = PBXBuildFile; fileRef = CE0DE89B22B08F7E00F49C5B /* userPhotoDefault.png */; };
		CE0DE8A022B0C7CE00F49C5B /* MyUserTableViewCell.swift in Sources */ = {isa = PBXBuildFile; fileRef = CE0DE89F22B0C7CE00F49C5B /* MyUserTableViewCell.swift */; };
		CE0DE8C222B0D96900F49C5B /* MyRecordTableViewCell.swift in Sources */ = {isa = PBXBuildFile; fileRef = CE0DE8C122B0D96900F49C5B /* MyRecordTableViewCell.swift */; };
		CE0E6DAE22C44C880028FF47 /* MyCollectionViewCell.swift in Sources */ = {isa = PBXBuildFile; fileRef = CE0E6DAD22C44C880028FF47 /* MyCollectionViewCell.swift */; };
		CE0E6DB122C497030028FF47 /* MapFrienderViewController.swift in Sources */ = {isa = PBXBuildFile; fileRef = CE0E6DB022C497030028FF47 /* MapFrienderViewController.swift */; };
		CE0E6DC922C4BAF40028FF47 /* cassette.png in Resources */ = {isa = PBXBuildFile; fileRef = CE0E6DC822C4BAF40028FF47 /* cassette.png */; };
		CE0E6DCB22C4BBCC0028FF47 /* user.png in Resources */ = {isa = PBXBuildFile; fileRef = CE0E6DCA22C4BBCC0028FF47 /* user.png */; };
		CE0E6DD122C4BCD50028FF47 /* microphone.png in Resources */ = {isa = PBXBuildFile; fileRef = CE0E6DD022C4BCD40028FF47 /* microphone.png */; };
		CE0E9AD422D039CE007CA9D6 /* MyUserRecord2TableViewCell.swift in Sources */ = {isa = PBXBuildFile; fileRef = CE0E9AD322D039CE007CA9D6 /* MyUserRecord2TableViewCell.swift */; };
		CE0E9AD722D03BC5007CA9D6 /* TableStruct.swift in Sources */ = {isa = PBXBuildFile; fileRef = CE0E9AD622D03BC5007CA9D6 /* TableStruct.swift */; };
		CE100405229B725200660E82 /* AppDelegate.swift in Sources */ = {isa = PBXBuildFile; fileRef = CE100404229B725200660E82 /* AppDelegate.swift */; };
		CE10040A229B725200660E82 /* Main.storyboard in Resources */ = {isa = PBXBuildFile; fileRef = CE100408229B725200660E82 /* Main.storyboard */; };
		CE10040F229B725300660E82 /* LaunchScreen.storyboard in Resources */ = {isa = PBXBuildFile; fileRef = CE10040D229B725300660E82 /* LaunchScreen.storyboard */; };
		CE100418229B728D00660E82 /* LoginViewController.swift in Sources */ = {isa = PBXBuildFile; fileRef = CE100417229B728D00660E82 /* LoginViewController.swift */; };
		CE10041A229B764900660E82 /* RegisteredViewController.swift in Sources */ = {isa = PBXBuildFile; fileRef = CE100419229B764900660E82 /* RegisteredViewController.swift */; };
		CE140C0A22B8E30300EF1F1C /* PenViewController.swift in Sources */ = {isa = PBXBuildFile; fileRef = CE140C0922B8E30300EF1F1C /* PenViewController.swift */; };
		CE16A9E422C0A64D00B16983 /* Star.png in Resources */ = {isa = PBXBuildFile; fileRef = CE16A9E322C0A64D00B16983 /* Star.png */; };
		CE16A9E622C0ADB000B16983 /* Stop.png in Resources */ = {isa = PBXBuildFile; fileRef = CE16A9E522C0ADAF00B16983 /* Stop.png */; };
		CE19634A22D41EDD004C6D32 /* FriendMenuViewController.swift in Sources */ = {isa = PBXBuildFile; fileRef = CE19634922D41EDD004C6D32 /* FriendMenuViewController.swift */; };
		CE19634C22D42184004C6D32 /* SlideInTransition.swift in Sources */ = {isa = PBXBuildFile; fileRef = CE19634B22D42184004C6D32 /* SlideInTransition.swift */; };
		CE1D3AF222D4D53D0076F73F /* MyFriendTableViewCell.swift in Sources */ = {isa = PBXBuildFile; fileRef = CE1D3AF122D4D53D0076F73F /* MyFriendTableViewCell.swift */; };
		CE1D3AF522D4D7AB0076F73F /* Friend.swift in Sources */ = {isa = PBXBuildFile; fileRef = CE1D3AF422D4D7AB0076F73F /* Friend.swift */; };
		CE1D642A22D8F1EA00D9FCAE /* speaker.png in Resources */ = {isa = PBXBuildFile; fileRef = CE1D642922D8F1EA00D9FCAE /* speaker.png */; };
		CE1FA5F122DF15D1001EBF4D /* Page-4.png in Resources */ = {isa = PBXBuildFile; fileRef = CE1FA5EB22DF15D1001EBF4D /* Page-4.png */; };
		CE1FA5F222DF15D1001EBF4D /* Page-6.png in Resources */ = {isa = PBXBuildFile; fileRef = CE1FA5EC22DF15D1001EBF4D /* Page-6.png */; };
		CE1FA5F322DF15D1001EBF4D /* Page-1.png in Resources */ = {isa = PBXBuildFile; fileRef = CE1FA5ED22DF15D1001EBF4D /* Page-1.png */; };
		CE1FA5F422DF15D1001EBF4D /* Page-2.png in Resources */ = {isa = PBXBuildFile; fileRef = CE1FA5EE22DF15D1001EBF4D /* Page-2.png */; };
		CE1FA5F522DF15D1001EBF4D /* Page-5.png in Resources */ = {isa = PBXBuildFile; fileRef = CE1FA5EF22DF15D1001EBF4D /* Page-5.png */; };
		CE1FA5F622DF15D1001EBF4D /* Page-3.png in Resources */ = {isa = PBXBuildFile; fileRef = CE1FA5F022DF15D1001EBF4D /* Page-3.png */; };
		CE21464822B4978100F39747 /* Record.swift in Sources */ = {isa = PBXBuildFile; fileRef = CE21464722B4978100F39747 /* Record.swift */; };
		CE22B5F822CF3563008D8C57 /* SearchFriendViewController.swift in Sources */ = {isa = PBXBuildFile; fileRef = CE22B5F722CF3563008D8C57 /* SearchFriendViewController.swift */; };
		CE22B5FC22CF3D58008D8C57 /* MyUserRecordTableViewCell.swift in Sources */ = {isa = PBXBuildFile; fileRef = CE22B5FB22CF3D58008D8C57 /* MyUserRecordTableViewCell.swift */; };
		CE63540C22CB3ED500E05A02 /* waring.png in Resources */ = {isa = PBXBuildFile; fileRef = CE63540B22CB3ED500E05A02 /* waring.png */; };
		CE63540E22CB3F0200E05A02 /* edit.png in Resources */ = {isa = PBXBuildFile; fileRef = CE63540D22CB3F0200E05A02 /* edit.png */; };
		CE7F14C822DB513B003FF41D /* 未命名89.png in Resources */ = {isa = PBXBuildFile; fileRef = CE7F14C722DB513B003FF41D /* 未命名89.png */; };
		CE7F14CA22DB5178003FF41D /* add-friend.png in Resources */ = {isa = PBXBuildFile; fileRef = CE7F14C922DB5178003FF41D /* add-friend.png */; };
		CE7F14D522DC035C003FF41D /* UserCardView.xib in Resources */ = {isa = PBXBuildFile; fileRef = CE7F14D422DC035C003FF41D /* UserCardView.xib */; };
		CE7F14D922DC0470003FF41D /* UserCardView.swift in Sources */ = {isa = PBXBuildFile; fileRef = CE7F14D822DC0470003FF41D /* UserCardView.swift */; };
		CE7F14DB22DC26D0003FF41D /* UserCardData.swift in Sources */ = {isa = PBXBuildFile; fileRef = CE7F14DA22DC26D0003FF41D /* UserCardData.swift */; };
		CE7F14DD22DC47B7003FF41D /* AppPresentViewController.swift in Sources */ = {isa = PBXBuildFile; fileRef = CE7F14DC22DC47B7003FF41D /* AppPresentViewController.swift */; };
		CE7F14E522DC4AC9003FF41D /* AppPageViewController.swift in Sources */ = {isa = PBXBuildFile; fileRef = CE7F14E422DC4AC9003FF41D /* AppPageViewController.swift */; };
		CE94BC4D22A11FAF0005B8D0 /* UserViewController.swift in Sources */ = {isa = PBXBuildFile; fileRef = CE94BC4C22A11FAF0005B8D0 /* UserViewController.swift */; };
		CEBAFDEC22CB0EB90055A4AE /* top_line.png in Resources */ = {isa = PBXBuildFile; fileRef = CEBAFDEB22CB0EB90055A4AE /* top_line.png */; };
		CEC40AD1229FE6DD00674037 /* MyNavigationController.swift in Sources */ = {isa = PBXBuildFile; fileRef = CEC40AD0229FE6DD00674037 /* MyNavigationController.swift */; };
		CED64B0922CC6F0B006DB0EE /* LeaveMessageViewController.swift in Sources */ = {isa = PBXBuildFile; fileRef = CED64B0822CC6F0B006DB0EE /* LeaveMessageViewController.swift */; };
		CED64B0B22CC8A6F006DB0EE /* MyMessageTableViewCell.swift in Sources */ = {isa = PBXBuildFile; fileRef = CED64B0A22CC8A6F006DB0EE /* MyMessageTableViewCell.swift */; };
		CED64B0D22CC9AD8006DB0EE /* Message.swift in Sources */ = {isa = PBXBuildFile; fileRef = CED64B0C22CC9AD8006DB0EE /* Message.swift */; };
		CEF9016022B100CE004F5A4C /* RecordGoViewController.swift in Sources */ = {isa = PBXBuildFile; fileRef = CEF9015F22B100CE004F5A4C /* RecordGoViewController.swift */; };
		CEFF4423229E961B006A7449 /* MainAppViewController.swift in Sources */ = {isa = PBXBuildFile; fileRef = CEFF4422229E961B006A7449 /* MainAppViewController.swift */; };
		CEFFD38522CA5EA8000E46DF /* message.png in Resources */ = {isa = PBXBuildFile; fileRef = CEFFD38422CA5EA7000E46DF /* message.png */; };
		CEFFD38722CA5ED5000E46DF /* isLike.png in Resources */ = {isa = PBXBuildFile; fileRef = CEFFD38622CA5ED5000E46DF /* isLike.png */; };
		CEFFD38922CA5F93000E46DF /* Like.png in Resources */ = {isa = PBXBuildFile; fileRef = CEFFD38822CA5F93000E46DF /* Like.png */; };
		CEFFF87022B9E23A00D7BC8A /* RippleAnimationViewController.swift in Sources */ = {isa = PBXBuildFile; fileRef = CEFFF86F22B9E23A00D7BC8A /* RippleAnimationViewController.swift */; };
		CEFFF87222B9EAB600D7BC8A /* RippleLayer.swift in Sources */ = {isa = PBXBuildFile; fileRef = CEFFF87122B9EAB600D7BC8A /* RippleLayer.swift */; };
/* End PBXBuildFile section */

/* Begin PBXFileReference section */
		21E5157AEA82F1F2130B3B2D /* Pods-FriendRecord.debug.xcconfig */ = {isa = PBXFileReference; includeInIndex = 1; lastKnownFileType = text.xcconfig; name = "Pods-FriendRecord.debug.xcconfig"; path = "Target Support Files/Pods-FriendRecord/Pods-FriendRecord.debug.xcconfig"; sourceTree = "<group>"; };
		5A48B9E19FB7275ADC8E021E /* Pods_FriendRecord.framework */ = {isa = PBXFileReference; explicitFileType = wrapper.framework; includeInIndex = 0; path = Pods_FriendRecord.framework; sourceTree = BUILT_PRODUCTS_DIR; };
		CE0102C522A784B700EDB18A /* Login_Icon_ver_2.png */ = {isa = PBXFileReference; lastKnownFileType = image.png; path = Login_Icon_ver_2.png; sourceTree = "<group>"; };
		CE0102C822A7B4D100EDB18A /* UserData.swift */ = {isa = PBXFileReference; lastKnownFileType = sourcecode.swift; path = UserData.swift; sourceTree = "<group>"; };
		CE04BFC322C7408200BC8300 /* Assets.xcassets */ = {isa = PBXFileReference; lastKnownFileType = folder.assetcatalog; path = Assets.xcassets; sourceTree = "<group>"; };
		CE058ABC22D5FACC00095FDC /* FriendRecord.entitlements */ = {isa = PBXFileReference; lastKnownFileType = text.plist.entitlements; path = FriendRecord.entitlements; sourceTree = "<group>"; };
		CE0A3C8E229E5B0600649E2E /* functionswift.swift */ = {isa = PBXFileReference; lastKnownFileType = sourcecode.swift; path = functionswift.swift; sourceTree = "<group>"; };
		CE0A945622B1D35F00F7F031 /* UserPhotoViewController.swift */ = {isa = PBXFileReference; lastKnownFileType = sourcecode.swift; path = UserPhotoViewController.swift; sourceTree = "<group>"; };
		CE0A949822B238A300F7F031 /* Manager.swift */ = {isa = PBXFileReference; lastKnownFileType = sourcecode.swift; path = Manager.swift; sourceTree = "<group>"; };
		CE0B063F22ADF756007ADB36 /* CameraViewController.swift */ = {isa = PBXFileReference; lastKnownFileType = sourcecode.swift; path = CameraViewController.swift; sourceTree = "<group>"; };
		CE0D3D52229F5ECD008033D7 /* Login_Icon_ver_2_2.png */ = {isa = PBXFileReference; lastKnownFileType = image.png; path = Login_Icon_ver_2_2.png; sourceTree = "<group>"; };
		CE0D3D62229F92B0008033D7 /* MyTabBarController.swift */ = {isa = PBXFileReference; lastKnownFileType = sourcecode.swift; path = MyTabBarController.swift; sourceTree = "<group>"; };
		CE0D550B22D6F5AA00E67642 /* MessageIsFriend.swift */ = {isa = PBXFileReference; lastKnownFileType = sourcecode.swift; path = MessageIsFriend.swift; sourceTree = "<group>"; };
		CE0DB35A22D5BD450053B86C /* GoogleService-Info.plist */ = {isa = PBXFileReference; fileEncoding = 4; lastKnownFileType = text.plist.xml; path = "GoogleService-Info.plist"; sourceTree = "<group>"; };
		CE0DD11422CAE4720031D4BA /* line.png */ = {isa = PBXFileReference; lastKnownFileType = image.png; path = line.png; sourceTree = "<group>"; };
		CE0DD11622CAEEDC0031D4BA /* recordPen_Line.png */ = {isa = PBXFileReference; lastKnownFileType = image.png; path = recordPen_Line.png; sourceTree = "<group>"; };
		CE0DDC3B22D06A0B00E89E0E /* Login.png */ = {isa = PBXFileReference; lastKnownFileType = image.png; path = Login.png; sourceTree = "<group>"; };
		CE0DE89B22B08F7E00F49C5B /* userPhotoDefault.png */ = {isa = PBXFileReference; lastKnownFileType = image.png; path = userPhotoDefault.png; sourceTree = "<group>"; };
		CE0DE89F22B0C7CE00F49C5B /* MyUserTableViewCell.swift */ = {isa = PBXFileReference; lastKnownFileType = sourcecode.swift; path = MyUserTableViewCell.swift; sourceTree = "<group>"; };
		CE0DE8C122B0D96900F49C5B /* MyRecordTableViewCell.swift */ = {isa = PBXFileReference; lastKnownFileType = sourcecode.swift; path = MyRecordTableViewCell.swift; sourceTree = "<group>"; };
		CE0E6DAD22C44C880028FF47 /* MyCollectionViewCell.swift */ = {isa = PBXFileReference; lastKnownFileType = sourcecode.swift; path = MyCollectionViewCell.swift; sourceTree = "<group>"; };
		CE0E6DB022C497030028FF47 /* MapFrienderViewController.swift */ = {isa = PBXFileReference; lastKnownFileType = sourcecode.swift; path = MapFrienderViewController.swift; sourceTree = "<group>"; };
		CE0E6DC822C4BAF40028FF47 /* cassette.png */ = {isa = PBXFileReference; lastKnownFileType = image.png; path = cassette.png; sourceTree = "<group>"; };
		CE0E6DCA22C4BBCC0028FF47 /* user.png */ = {isa = PBXFileReference; lastKnownFileType = image.png; path = user.png; sourceTree = "<group>"; };
		CE0E6DD022C4BCD40028FF47 /* microphone.png */ = {isa = PBXFileReference; lastKnownFileType = image.png; path = microphone.png; sourceTree = "<group>"; };
		CE0E9AD322D039CE007CA9D6 /* MyUserRecord2TableViewCell.swift */ = {isa = PBXFileReference; lastKnownFileType = sourcecode.swift; path = MyUserRecord2TableViewCell.swift; sourceTree = "<group>"; };
		CE0E9AD622D03BC5007CA9D6 /* TableStruct.swift */ = {isa = PBXFileReference; lastKnownFileType = sourcecode.swift; path = TableStruct.swift; sourceTree = "<group>"; };
		CE100401229B725200660E82 /* FriendRecord.app */ = {isa = PBXFileReference; explicitFileType = wrapper.application; includeInIndex = 0; path = FriendRecord.app; sourceTree = BUILT_PRODUCTS_DIR; };
		CE100404229B725200660E82 /* AppDelegate.swift */ = {isa = PBXFileReference; lastKnownFileType = sourcecode.swift; path = AppDelegate.swift; sourceTree = "<group>"; };
		CE100409229B725200660E82 /* Base */ = {isa = PBXFileReference; lastKnownFileType = file.storyboard; name = Base; path = Base.lproj/Main.storyboard; sourceTree = "<group>"; };
		CE10040E229B725300660E82 /* Base */ = {isa = PBXFileReference; lastKnownFileType = file.storyboard; name = Base; path = Base.lproj/LaunchScreen.storyboard; sourceTree = "<group>"; };
		CE100410229B725300660E82 /* Info.plist */ = {isa = PBXFileReference; lastKnownFileType = text.plist.xml; path = Info.plist; sourceTree = "<group>"; };
		CE100417229B728D00660E82 /* LoginViewController.swift */ = {isa = PBXFileReference; lastKnownFileType = sourcecode.swift; path = LoginViewController.swift; sourceTree = "<group>"; };
		CE100419229B764900660E82 /* RegisteredViewController.swift */ = {isa = PBXFileReference; lastKnownFileType = sourcecode.swift; path = RegisteredViewController.swift; sourceTree = "<group>"; };
		CE140C0922B8E30300EF1F1C /* PenViewController.swift */ = {isa = PBXFileReference; lastKnownFileType = sourcecode.swift; path = PenViewController.swift; sourceTree = "<group>"; };
		CE16A9E322C0A64D00B16983 /* Star.png */ = {isa = PBXFileReference; lastKnownFileType = image.png; path = Star.png; sourceTree = "<group>"; };
		CE16A9E522C0ADAF00B16983 /* Stop.png */ = {isa = PBXFileReference; lastKnownFileType = image.png; path = Stop.png; sourceTree = "<group>"; };
		CE19634922D41EDD004C6D32 /* FriendMenuViewController.swift */ = {isa = PBXFileReference; lastKnownFileType = sourcecode.swift; path = FriendMenuViewController.swift; sourceTree = "<group>"; };
		CE19634B22D42184004C6D32 /* SlideInTransition.swift */ = {isa = PBXFileReference; lastKnownFileType = sourcecode.swift; path = SlideInTransition.swift; sourceTree = "<group>"; };
		CE1D3AF122D4D53D0076F73F /* MyFriendTableViewCell.swift */ = {isa = PBXFileReference; lastKnownFileType = sourcecode.swift; path = MyFriendTableViewCell.swift; sourceTree = "<group>"; };
		CE1D3AF422D4D7AB0076F73F /* Friend.swift */ = {isa = PBXFileReference; lastKnownFileType = sourcecode.swift; path = Friend.swift; sourceTree = "<group>"; };
		CE1D642922D8F1EA00D9FCAE /* speaker.png */ = {isa = PBXFileReference; lastKnownFileType = image.png; path = speaker.png; sourceTree = "<group>"; };
		CE1FA5EB22DF15D1001EBF4D /* Page-4.png */ = {isa = PBXFileReference; lastKnownFileType = image.png; path = "Page-4.png"; sourceTree = "<group>"; };
		CE1FA5EC22DF15D1001EBF4D /* Page-6.png */ = {isa = PBXFileReference; lastKnownFileType = image.png; path = "Page-6.png"; sourceTree = "<group>"; };
		CE1FA5ED22DF15D1001EBF4D /* Page-1.png */ = {isa = PBXFileReference; lastKnownFileType = image.png; path = "Page-1.png"; sourceTree = "<group>"; };
		CE1FA5EE22DF15D1001EBF4D /* Page-2.png */ = {isa = PBXFileReference; lastKnownFileType = image.png; path = "Page-2.png"; sourceTree = "<group>"; };
		CE1FA5EF22DF15D1001EBF4D /* Page-5.png */ = {isa = PBXFileReference; lastKnownFileType = image.png; path = "Page-5.png"; sourceTree = "<group>"; };
		CE1FA5F022DF15D1001EBF4D /* Page-3.png */ = {isa = PBXFileReference; lastKnownFileType = image.png; path = "Page-3.png"; sourceTree = "<group>"; };
		CE21464722B4978100F39747 /* Record.swift */ = {isa = PBXFileReference; lastKnownFileType = sourcecode.swift; path = Record.swift; sourceTree = "<group>"; };
		CE22B5F722CF3563008D8C57 /* SearchFriendViewController.swift */ = {isa = PBXFileReference; lastKnownFileType = sourcecode.swift; path = SearchFriendViewController.swift; sourceTree = "<group>"; };
		CE22B5FB22CF3D58008D8C57 /* MyUserRecordTableViewCell.swift */ = {isa = PBXFileReference; lastKnownFileType = sourcecode.swift; path = MyUserRecordTableViewCell.swift; sourceTree = "<group>"; };
		CE63540B22CB3ED500E05A02 /* waring.png */ = {isa = PBXFileReference; lastKnownFileType = image.png; path = waring.png; sourceTree = "<group>"; };
		CE63540D22CB3F0200E05A02 /* edit.png */ = {isa = PBXFileReference; lastKnownFileType = image.png; path = edit.png; sourceTree = "<group>"; };
		CE7F14C722DB513B003FF41D /* 未命名89.png */ = {isa = PBXFileReference; lastKnownFileType = image.png; path = "未命名89.png"; sourceTree = "<group>"; };
		CE7F14C922DB5178003FF41D /* add-friend.png */ = {isa = PBXFileReference; lastKnownFileType = image.png; path = "add-friend.png"; sourceTree = "<group>"; };
		CE7F14D422DC035C003FF41D /* UserCardView.xib */ = {isa = PBXFileReference; lastKnownFileType = file.xib; path = UserCardView.xib; sourceTree = "<group>"; };
		CE7F14D822DC0470003FF41D /* UserCardView.swift */ = {isa = PBXFileReference; lastKnownFileType = sourcecode.swift; path = UserCardView.swift; sourceTree = "<group>"; };
		CE7F14DA22DC26D0003FF41D /* UserCardData.swift */ = {isa = PBXFileReference; lastKnownFileType = sourcecode.swift; path = UserCardData.swift; sourceTree = "<group>"; };
		CE7F14DC22DC47B7003FF41D /* AppPresentViewController.swift */ = {isa = PBXFileReference; lastKnownFileType = sourcecode.swift; path = AppPresentViewController.swift; sourceTree = "<group>"; };
		CE7F14E422DC4AC9003FF41D /* AppPageViewController.swift */ = {isa = PBXFileReference; lastKnownFileType = sourcecode.swift; path = AppPageViewController.swift; sourceTree = "<group>"; };
		CE94BC4C22A11FAF0005B8D0 /* UserViewController.swift */ = {isa = PBXFileReference; lastKnownFileType = sourcecode.swift; path = UserViewController.swift; sourceTree = "<group>"; };
		CEBAFDEB22CB0EB90055A4AE /* top_line.png */ = {isa = PBXFileReference; lastKnownFileType = image.png; path = top_line.png; sourceTree = "<group>"; };
		CEC40AD0229FE6DD00674037 /* MyNavigationController.swift */ = {isa = PBXFileReference; lastKnownFileType = sourcecode.swift; path = MyNavigationController.swift; sourceTree = "<group>"; };
		CED64B0822CC6F0B006DB0EE /* LeaveMessageViewController.swift */ = {isa = PBXFileReference; lastKnownFileType = sourcecode.swift; path = LeaveMessageViewController.swift; sourceTree = "<group>"; };
		CED64B0A22CC8A6F006DB0EE /* MyMessageTableViewCell.swift */ = {isa = PBXFileReference; lastKnownFileType = sourcecode.swift; path = MyMessageTableViewCell.swift; sourceTree = "<group>"; };
		CED64B0C22CC9AD8006DB0EE /* Message.swift */ = {isa = PBXFileReference; lastKnownFileType = sourcecode.swift; path = Message.swift; sourceTree = "<group>"; };
		CEF9015F22B100CE004F5A4C /* RecordGoViewController.swift */ = {isa = PBXFileReference; lastKnownFileType = sourcecode.swift; path = RecordGoViewController.swift; sourceTree = "<group>"; };
		CEFF4422229E961B006A7449 /* MainAppViewController.swift */ = {isa = PBXFileReference; lastKnownFileType = sourcecode.swift; path = MainAppViewController.swift; sourceTree = "<group>"; };
		CEFFD38422CA5EA7000E46DF /* message.png */ = {isa = PBXFileReference; lastKnownFileType = image.png; path = message.png; sourceTree = "<group>"; };
		CEFFD38622CA5ED5000E46DF /* isLike.png */ = {isa = PBXFileReference; lastKnownFileType = image.png; path = isLike.png; sourceTree = "<group>"; };
		CEFFD38822CA5F93000E46DF /* Like.png */ = {isa = PBXFileReference; lastKnownFileType = image.png; path = Like.png; sourceTree = "<group>"; };
		CEFFF86F22B9E23A00D7BC8A /* RippleAnimationViewController.swift */ = {isa = PBXFileReference; lastKnownFileType = sourcecode.swift; path = RippleAnimationViewController.swift; sourceTree = "<group>"; };
		CEFFF87122B9EAB600D7BC8A /* RippleLayer.swift */ = {isa = PBXFileReference; lastKnownFileType = sourcecode.swift; path = RippleLayer.swift; sourceTree = "<group>"; };
		D392B1B28DCD8BE790EA3ED6 /* Pods-FriendRecord.release.xcconfig */ = {isa = PBXFileReference; includeInIndex = 1; lastKnownFileType = text.xcconfig; name = "Pods-FriendRecord.release.xcconfig"; path = "Target Support Files/Pods-FriendRecord/Pods-FriendRecord.release.xcconfig"; sourceTree = "<group>"; };
/* End PBXFileReference section */

/* Begin PBXFrameworksBuildPhase section */
		CE1003FE229B725200660E82 /* Frameworks */ = {
			isa = PBXFrameworksBuildPhase;
			buildActionMask = 2147483647;
			files = (
				C32AF5DD184C6838401E3E1C /* Pods_FriendRecord.framework in Frameworks */,
			);
			runOnlyForDeploymentPostprocessing = 0;
		};
/* End PBXFrameworksBuildPhase section */

/* Begin PBXGroup section */
		B94B99A32CF7F0478CBD3A4D /* Pods */ = {
			isa = PBXGroup;
			children = (
				21E5157AEA82F1F2130B3B2D /* Pods-FriendRecord.debug.xcconfig */,
				D392B1B28DCD8BE790EA3ED6 /* Pods-FriendRecord.release.xcconfig */,
			);
			path = Pods;
			sourceTree = "<group>";
		};
		C32CD91293D8D3110CBE0DE0 /* Frameworks */ = {
			isa = PBXGroup;
			children = (
				5A48B9E19FB7275ADC8E021E /* Pods_FriendRecord.framework */,
			);
			name = Frameworks;
			sourceTree = "<group>";
		};
		CE0102BD22A7831800EDB18A /* Function */ = {
			isa = PBXGroup;
			children = (
				CE0A949822B238A300F7F031 /* Manager.swift */,
			);
			path = Function;
			sourceTree = "<group>";
		};
		CE0102C222A783E600EDB18A /* MainAppVC */ = {
			isa = PBXGroup;
			children = (
				CE0D3D62229F92B0008033D7 /* MyTabBarController.swift */,
				CEFF4422229E961B006A7449 /* MainAppViewController.swift */,
				CEF9015F22B100CE004F5A4C /* RecordGoViewController.swift */,
				CE140C0922B8E30300EF1F1C /* PenViewController.swift */,
				CE21464922B4978600F39747 /* Object */,
				CE0DE89E22B0C78800F49C5B /* CustomCell */,
			);
			path = MainAppVC;
			sourceTree = "<group>";
		};
		CE0102C322A7841700EDB18A /* Image */ = {
			isa = PBXGroup;
			children = (
				CE7F14E622DC6556003FF41D /* AppPresent */,
				CEBAFDEB22CB0EB90055A4AE /* top_line.png */,
				CE63540B22CB3ED500E05A02 /* waring.png */,
				CE7F14C922DB5178003FF41D /* add-friend.png */,
				CE7F14C722DB513B003FF41D /* 未命名89.png */,
				CE0DD11422CAE4720031D4BA /* line.png */,
				CE1D642922D8F1EA00D9FCAE /* speaker.png */,
				CE0E6DC822C4BAF40028FF47 /* cassette.png */,
				CE0E6DCA22C4BBCC0028FF47 /* user.png */,
				CE63540D22CB3F0200E05A02 /* edit.png */,
				CE0102C522A784B700EDB18A /* Login_Icon_ver_2.png */,
				CE0DDC3B22D06A0B00E89E0E /* Login.png */,
				CE0D3D52229F5ECD008033D7 /* Login_Icon_ver_2_2.png */,
				CE0DD11622CAEEDC0031D4BA /* recordPen_Line.png */,
				CEFFD38622CA5ED5000E46DF /* isLike.png */,
				CEFFD38822CA5F93000E46DF /* Like.png */,
				CEFFD38422CA5EA7000E46DF /* message.png */,
				CE0E6DD022C4BCD40028FF47 /* microphone.png */,
				CE16A9E322C0A64D00B16983 /* Star.png */,
				CE16A9E522C0ADAF00B16983 /* Stop.png */,
				CE0DE89B22B08F7E00F49C5B /* userPhotoDefault.png */,
			);
			path = Image;
			sourceTree = "<group>";
		};
		CE0102C722A784C900EDB18A /* Other */ = {
			isa = PBXGroup;
			children = (
				CE0E6DAD22C44C880028FF47 /* MyCollectionViewCell.swift */,
				CEC40AD0229FE6DD00674037 /* MyNavigationController.swift */,
				CE0A3C8E229E5B0600649E2E /* functionswift.swift */,
				CE0B063F22ADF756007ADB36 /* CameraViewController.swift */,
				CEFFF86F22B9E23A00D7BC8A /* RippleAnimationViewController.swift */,
			);
			path = Other;
			sourceTree = "<group>";
		};
		CE0DE89E22B0C78800F49C5B /* CustomCell */ = {
			isa = PBXGroup;
			children = (
				CE0DE89F22B0C7CE00F49C5B /* MyUserTableViewCell.swift */,
				CE0DE8C122B0D96900F49C5B /* MyRecordTableViewCell.swift */,
			);
			path = CustomCell;
			sourceTree = "<group>";
		};
		CE0E6DAC22C44C490028FF47 /* CustomCell */ = {
			isa = PBXGroup;
			children = (
				CE22B5FB22CF3D58008D8C57 /* MyUserRecordTableViewCell.swift */,
				CE0E9AD322D039CE007CA9D6 /* MyUserRecord2TableViewCell.swift */,
			);
			path = CustomCell;
			sourceTree = "<group>";
		};
		CE0E6DAF22C496D00028FF47 /* MapFriender */ = {
			isa = PBXGroup;
			children = (
				CE0E6DB022C497030028FF47 /* MapFrienderViewController.swift */,
			);
			path = MapFriender;
			sourceTree = "<group>";
		};
		CE0E9AD522D03B95007CA9D6 /* Object */ = {
			isa = PBXGroup;
			children = (
				CE0E9AD622D03BC5007CA9D6 /* TableStruct.swift */,
			);
			path = Object;
			sourceTree = "<group>";
		};
		CE1003F8229B725200660E82 = {
			isa = PBXGroup;
			children = (
				CE100403229B725200660E82 /* FriendRecord */,
				CE100402229B725200660E82 /* Products */,
				B94B99A32CF7F0478CBD3A4D /* Pods */,
				C32CD91293D8D3110CBE0DE0 /* Frameworks */,
			);
			sourceTree = "<group>";
		};
		CE100402229B725200660E82 /* Products */ = {
			isa = PBXGroup;
			children = (
				CE100401229B725200660E82 /* FriendRecord.app */,
			);
			name = Products;
			sourceTree = "<group>";
		};
		CE100403229B725200660E82 /* FriendRecord */ = {
			isa = PBXGroup;
			children = (
				CE100408229B725200660E82 /* Main.storyboard */,
				CE100404229B725200660E82 /* AppDelegate.swift */,
				CE10040D229B725300660E82 /* LaunchScreen.storyboard */,
				CE04BFC322C7408200BC8300 /* Assets.xcassets */,
				CE0DB35A22D5BD450053B86C /* GoogleService-Info.plist */,
				CE058ABC22D5FACC00095FDC /* FriendRecord.entitlements */,
				CE100410229B725300660E82 /* Info.plist */,
				CE0102BD22A7831800EDB18A /* Function */,
				CE100416229B726300660E82 /* LoginVC */,
				CE0102C222A783E600EDB18A /* MainAppVC */,
				CE9B6ADF22D46F0600247800 /* MessageVC */,
				CE15D74822A6885700892340 /* PersonalVC */,
				CE19634822D41EB4004C6D32 /* FriendMenu */,
				CE0102C322A7841700EDB18A /* Image */,
				CE0E6DAF22C496D00028FF47 /* MapFriender */,
				CE22B5F422CF34E4008D8C57 /* SearchFriend */,
				CE106C5422C1A26D005DF25E /* Animation */,
				CE0102C722A784C900EDB18A /* Other */,
			);
			path = FriendRecord;
			sourceTree = "<group>";
		};
		CE100416229B726300660E82 /* LoginVC */ = {
			isa = PBXGroup;
			children = (
				CE100417229B728D00660E82 /* LoginViewController.swift */,
				CE100419229B764900660E82 /* RegisteredViewController.swift */,
				CE63540622CB30D900E05A02 /* Object */,
				CE7F14DC22DC47B7003FF41D /* AppPresentViewController.swift */,
				CE7F14E422DC4AC9003FF41D /* AppPageViewController.swift */,
			);
			path = LoginVC;
			sourceTree = "<group>";
		};
		CE106C5422C1A26D005DF25E /* Animation */ = {
			isa = PBXGroup;
			children = (
				CEFFF87122B9EAB600D7BC8A /* RippleLayer.swift */,
			);
			path = Animation;
			sourceTree = "<group>";
		};
		CE15D74822A6885700892340 /* PersonalVC */ = {
			isa = PBXGroup;
			children = (
				CE94BC4C22A11FAF0005B8D0 /* UserViewController.swift */,
				CE0A945622B1D35F00F7F031 /* UserPhotoViewController.swift */,
				CE0E9AD522D03B95007CA9D6 /* Object */,
				CE0E6DAC22C44C490028FF47 /* CustomCell */,
			);
			path = PersonalVC;
			sourceTree = "<group>";
		};
		CE19634822D41EB4004C6D32 /* FriendMenu */ = {
			isa = PBXGroup;
			children = (
				CE19634922D41EDD004C6D32 /* FriendMenuViewController.swift */,
				CE19634B22D42184004C6D32 /* SlideInTransition.swift */,
				CE1D3AF322D4D79D0076F73F /* Object */,
				CE1D3AF022D4D51A0076F73F /* CustomCell */,
			);
			path = FriendMenu;
			sourceTree = "<group>";
		};
		CE1D3AF022D4D51A0076F73F /* CustomCell */ = {
			isa = PBXGroup;
			children = (
				CE1D3AF122D4D53D0076F73F /* MyFriendTableViewCell.swift */,
			);
			path = CustomCell;
			sourceTree = "<group>";
		};
		CE1D3AF322D4D79D0076F73F /* Object */ = {
			isa = PBXGroup;
			children = (
				CE1D3AF422D4D7AB0076F73F /* Friend.swift */,
			);
			path = Object;
			sourceTree = "<group>";
		};
		CE21464922B4978600F39747 /* Object */ = {
			isa = PBXGroup;
			children = (
				CE21464722B4978100F39747 /* Record.swift */,
			);
			path = Object;
			sourceTree = "<group>";
		};
		CE22B5F422CF34E4008D8C57 /* SearchFriend */ = {
			isa = PBXGroup;
			children = (
				CE22B5F722CF3563008D8C57 /* SearchFriendViewController.swift */,
			);
			path = SearchFriend;
			sourceTree = "<group>";
		};
		CE63540622CB30D900E05A02 /* Object */ = {
			isa = PBXGroup;
			children = (
				CE0102C822A7B4D100EDB18A /* UserData.swift */,
			);
			path = Object;
			sourceTree = "<group>";
		};
		CE7F14CB22DC0091003FF41D /* UserCard */ = {
			isa = PBXGroup;
			children = (
				CE7F14D422DC035C003FF41D /* UserCardView.xib */,
				CE7F14D822DC0470003FF41D /* UserCardView.swift */,
			);
			path = UserCard;
			sourceTree = "<group>";
		};
		CE7F14E622DC6556003FF41D /* AppPresent */ = {
			isa = PBXGroup;
			children = (
				CE1FA5ED22DF15D1001EBF4D /* Page-1.png */,
				CE1FA5EE22DF15D1001EBF4D /* Page-2.png */,
				CE1FA5F022DF15D1001EBF4D /* Page-3.png */,
				CE1FA5EB22DF15D1001EBF4D /* Page-4.png */,
				CE1FA5EF22DF15D1001EBF4D /* Page-5.png */,
				CE1FA5EC22DF15D1001EBF4D /* Page-6.png */,
			);
			path = AppPresent;
			sourceTree = "<group>";
		};
		CE9B6ADF22D46F0600247800 /* MessageVC */ = {
			isa = PBXGroup;
			children = (
				CED64B0822CC6F0B006DB0EE /* LeaveMessageViewController.swift */,
				CE7F14CB22DC0091003FF41D /* UserCard */,
				CE9B6AE022D46F3A00247800 /* Object */,
				CE9B6AE122D46F4700247800 /* CustonCell */,
			);
			path = MessageVC;
			sourceTree = "<group>";
		};
		CE9B6AE022D46F3A00247800 /* Object */ = {
			isa = PBXGroup;
			children = (
				CED64B0C22CC9AD8006DB0EE /* Message.swift */,
				CE0D550B22D6F5AA00E67642 /* MessageIsFriend.swift */,
				CE7F14DA22DC26D0003FF41D /* UserCardData.swift */,
			);
			path = Object;
			sourceTree = "<group>";
		};
		CE9B6AE122D46F4700247800 /* CustonCell */ = {
			isa = PBXGroup;
			children = (
				CED64B0A22CC8A6F006DB0EE /* MyMessageTableViewCell.swift */,
			);
			path = CustonCell;
			sourceTree = "<group>";
		};
/* End PBXGroup section */

/* Begin PBXNativeTarget section */
		CE100400229B725200660E82 /* FriendRecord */ = {
			isa = PBXNativeTarget;
			buildConfigurationList = CE100413229B725300660E82 /* Build configuration list for PBXNativeTarget "FriendRecord" */;
			buildPhases = (
				168E8110FE61DF3488262841 /* [CP] Check Pods Manifest.lock */,
				CE1003FD229B725200660E82 /* Sources */,
				CE1003FE229B725200660E82 /* Frameworks */,
				CE1003FF229B725200660E82 /* Resources */,
				74CB3844446CAC8BDA2581B9 /* [CP] Embed Pods Frameworks */,
			);
			buildRules = (
			);
			dependencies = (
			);
			name = FriendRecord;
			productName = FriendRecord;
			productReference = CE100401229B725200660E82 /* FriendRecord.app */;
			productType = "com.apple.product-type.application";
		};
/* End PBXNativeTarget section */

/* Begin PBXProject section */
		CE1003F9229B725200660E82 /* Project object */ = {
			isa = PBXProject;
			attributes = {
				LastSwiftUpdateCheck = 1020;
				LastUpgradeCheck = 1020;
				ORGANIZATIONNAME = "林易興";
				TargetAttributes = {
					CE100400229B725200660E82 = {
						CreatedOnToolsVersion = 10.2;
						SystemCapabilities = {
							com.apple.BackgroundModes = {
								enabled = 1;
							};
							com.apple.Push = {
								enabled = 1;
							};
						};
					};
				};
			};
			buildConfigurationList = CE1003FC229B725200660E82 /* Build configuration list for PBXProject "FriendRecord" */;
			compatibilityVersion = "Xcode 9.3";
			developmentRegion = en;
			hasScannedForEncodings = 0;
			knownRegions = (
				en,
				Base,
			);
			mainGroup = CE1003F8229B725200660E82;
			productRefGroup = CE100402229B725200660E82 /* Products */;
			projectDirPath = "";
			projectRoot = "";
			targets = (
				CE100400229B725200660E82 /* FriendRecord */,
			);
		};
/* End PBXProject section */

/* Begin PBXResourcesBuildPhase section */
		CE1003FF229B725200660E82 /* Resources */ = {
			isa = PBXResourcesBuildPhase;
			buildActionMask = 2147483647;
			files = (
				CE0D3D53229F5ECD008033D7 /* Login_Icon_ver_2_2.png in Resources */,
				CE7F14D522DC035C003FF41D /* UserCardView.xib in Resources */,
				CE0DE89C22B08F7E00F49C5B /* userPhotoDefault.png in Resources */,
				CE10040F229B725300660E82 /* LaunchScreen.storyboard in Resources */,
				CE1FA5F122DF15D1001EBF4D /* Page-4.png in Resources */,
				CE0E6DD122C4BCD50028FF47 /* microphone.png in Resources */,
				CEFFD38722CA5ED5000E46DF /* isLike.png in Resources */,
				CE63540E22CB3F0200E05A02 /* edit.png in Resources */,
				CE0DD11522CAE4720031D4BA /* line.png in Resources */,
				CE0DDC3C22D06A0B00E89E0E /* Login.png in Resources */,
				CE63540C22CB3ED500E05A02 /* waring.png in Resources */,
				CE0E6DCB22C4BBCC0028FF47 /* user.png in Resources */,
				CEFFD38522CA5EA8000E46DF /* message.png in Resources */,
				CE1FA5F622DF15D1001EBF4D /* Page-3.png in Resources */,
				CE7F14C822DB513B003FF41D /* 未命名89.png in Resources */,
				CE1FA5F522DF15D1001EBF4D /* Page-5.png in Resources */,
				CE1FA5F422DF15D1001EBF4D /* Page-2.png in Resources */,
				CEFFD38922CA5F93000E46DF /* Like.png in Resources */,
				CE16A9E422C0A64D00B16983 /* Star.png in Resources */,
				CE1FA5F322DF15D1001EBF4D /* Page-1.png in Resources */,
				CE04BFC422C7408300BC8300 /* Assets.xcassets in Resources */,
				CE0DD11722CAEEDC0031D4BA /* recordPen_Line.png in Resources */,
				CE0E6DC922C4BAF40028FF47 /* cassette.png in Resources */,
				CE16A9E622C0ADB000B16983 /* Stop.png in Resources */,
				CE1D642A22D8F1EA00D9FCAE /* speaker.png in Resources */,
				CEBAFDEC22CB0EB90055A4AE /* top_line.png in Resources */,
				CE1FA5F222DF15D1001EBF4D /* Page-6.png in Resources */,
				CE10040A229B725200660E82 /* Main.storyboard in Resources */,
				CE7F14CA22DB5178003FF41D /* add-friend.png in Resources */,
				CE0DB35B22D5BD450053B86C /* GoogleService-Info.plist in Resources */,
				CE0102C622A784B700EDB18A /* Login_Icon_ver_2.png in Resources */,
			);
			runOnlyForDeploymentPostprocessing = 0;
		};
/* End PBXResourcesBuildPhase section */

/* Begin PBXShellScriptBuildPhase section */
		168E8110FE61DF3488262841 /* [CP] Check Pods Manifest.lock */ = {
			isa = PBXShellScriptBuildPhase;
			buildActionMask = 2147483647;
			files = (
			);
			inputFileListPaths = (
			);
			inputPaths = (
				"${PODS_PODFILE_DIR_PATH}/Podfile.lock",
				"${PODS_ROOT}/Manifest.lock",
			);
			name = "[CP] Check Pods Manifest.lock";
			outputFileListPaths = (
			);
			outputPaths = (
				"$(DERIVED_FILE_DIR)/Pods-FriendRecord-checkManifestLockResult.txt",
			);
			runOnlyForDeploymentPostprocessing = 0;
			shellPath = /bin/sh;
			shellScript = "diff \"${PODS_PODFILE_DIR_PATH}/Podfile.lock\" \"${PODS_ROOT}/Manifest.lock\" > /dev/null\nif [ $? != 0 ] ; then\n    # print error to STDERR\n    echo \"error: The sandbox is not in sync with the Podfile.lock. Run 'pod install' or update your CocoaPods installation.\" >&2\n    exit 1\nfi\n# This output is used by Xcode 'outputs' to avoid re-running this script phase.\necho \"SUCCESS\" > \"${SCRIPT_OUTPUT_FILE_0}\"\n";
			showEnvVarsInLog = 0;
		};
		74CB3844446CAC8BDA2581B9 /* [CP] Embed Pods Frameworks */ = {
			isa = PBXShellScriptBuildPhase;
			buildActionMask = 2147483647;
			files = (
			);
			inputFileListPaths = (
			);
			inputPaths = (
				"${PODS_ROOT}/Target Support Files/Pods-FriendRecord/Pods-FriendRecord-frameworks.sh",
				"${BUILT_PRODUCTS_DIR}/FoldingCell/FoldingCell.framework",
				"${BUILT_PRODUCTS_DIR}/GTMSessionFetcher/GTMSessionFetcher.framework",
				"${BUILT_PRODUCTS_DIR}/GoogleUtilities/GoogleUtilities.framework",
				"${BUILT_PRODUCTS_DIR}/IQKeyboardManagerSwift/IQKeyboardManagerSwift.framework",
				"${BUILT_PRODUCTS_DIR}/Protobuf/Protobuf.framework",
				"${BUILT_PRODUCTS_DIR}/leveldb-library/leveldb.framework",
				"${BUILT_PRODUCTS_DIR}/nanopb/nanopb.framework",
			);
			name = "[CP] Embed Pods Frameworks";
			outputFileListPaths = (
			);
			outputPaths = (
				"${TARGET_BUILD_DIR}/${FRAMEWORKS_FOLDER_PATH}/FoldingCell.framework",
				"${TARGET_BUILD_DIR}/${FRAMEWORKS_FOLDER_PATH}/GTMSessionFetcher.framework",
				"${TARGET_BUILD_DIR}/${FRAMEWORKS_FOLDER_PATH}/GoogleUtilities.framework",
				"${TARGET_BUILD_DIR}/${FRAMEWORKS_FOLDER_PATH}/IQKeyboardManagerSwift.framework",
				"${TARGET_BUILD_DIR}/${FRAMEWORKS_FOLDER_PATH}/Protobuf.framework",
				"${TARGET_BUILD_DIR}/${FRAMEWORKS_FOLDER_PATH}/leveldb.framework",
				"${TARGET_BUILD_DIR}/${FRAMEWORKS_FOLDER_PATH}/nanopb.framework",
			);
			runOnlyForDeploymentPostprocessing = 0;
			shellPath = /bin/sh;
			shellScript = "\"${PODS_ROOT}/Target Support Files/Pods-FriendRecord/Pods-FriendRecord-frameworks.sh\"\n";
			showEnvVarsInLog = 0;
		};
/* End PBXShellScriptBuildPhase section */

/* Begin PBXSourcesBuildPhase section */
		CE1003FD229B725200660E82 /* Sources */ = {
			isa = PBXSourcesBuildPhase;
			buildActionMask = 2147483647;
			files = (
				CE100418229B728D00660E82 /* LoginViewController.swift in Sources */,
				CE0B064022ADF756007ADB36 /* CameraViewController.swift in Sources */,
				CED64B0922CC6F0B006DB0EE /* LeaveMessageViewController.swift in Sources */,
				CE0A949922B238A300F7F031 /* Manager.swift in Sources */,
				CE22B5F822CF3563008D8C57 /* SearchFriendViewController.swift in Sources */,
				CE94BC4D22A11FAF0005B8D0 /* UserViewController.swift in Sources */,
				CE7F14DB22DC26D0003FF41D /* UserCardData.swift in Sources */,
				CEFF4423229E961B006A7449 /* MainAppViewController.swift in Sources */,
				CE0D550C22D6F5AA00E67642 /* MessageIsFriend.swift in Sources */,
				CE0E6DB122C497030028FF47 /* MapFrienderViewController.swift in Sources */,
				CE7F14D922DC0470003FF41D /* UserCardView.swift in Sources */,
				CE0102C922A7B4D100EDB18A /* UserData.swift in Sources */,
				CE0E9AD422D039CE007CA9D6 /* MyUserRecord2TableViewCell.swift in Sources */,
				CE0DE8A022B0C7CE00F49C5B /* MyUserTableViewCell.swift in Sources */,
				CE0E6DAE22C44C880028FF47 /* MyCollectionViewCell.swift in Sources */,
				CE21464822B4978100F39747 /* Record.swift in Sources */,
				CEFFF87222B9EAB600D7BC8A /* RippleLayer.swift in Sources */,
				CE0A3C8F229E5B0600649E2E /* functionswift.swift in Sources */,
				CED64B0B22CC8A6F006DB0EE /* MyMessageTableViewCell.swift in Sources */,
				CEC40AD1229FE6DD00674037 /* MyNavigationController.swift in Sources */,
				CEF9016022B100CE004F5A4C /* RecordGoViewController.swift in Sources */,
				CE10041A229B764900660E82 /* RegisteredViewController.swift in Sources */,
				CE100405229B725200660E82 /* AppDelegate.swift in Sources */,
				CE19634C22D42184004C6D32 /* SlideInTransition.swift in Sources */,
				CE1D3AF522D4D7AB0076F73F /* Friend.swift in Sources */,
				CE140C0A22B8E30300EF1F1C /* PenViewController.swift in Sources */,
				CE7F14DD22DC47B7003FF41D /* AppPresentViewController.swift in Sources */,
				CE7F14E522DC4AC9003FF41D /* AppPageViewController.swift in Sources */,
				CE0E9AD722D03BC5007CA9D6 /* TableStruct.swift in Sources */,
				CE1D3AF222D4D53D0076F73F /* MyFriendTableViewCell.swift in Sources */,
				CE0D3D63229F92B0008033D7 /* MyTabBarController.swift in Sources */,
				CEFFF87022B9E23A00D7BC8A /* RippleAnimationViewController.swift in Sources */,
				CED64B0D22CC9AD8006DB0EE /* Message.swift in Sources */,
				CE0A945722B1D35F00F7F031 /* UserPhotoViewController.swift in Sources */,
				CE19634A22D41EDD004C6D32 /* FriendMenuViewController.swift in Sources */,
				CE0DE8C222B0D96900F49C5B /* MyRecordTableViewCell.swift in Sources */,
				CE22B5FC22CF3D58008D8C57 /* MyUserRecordTableViewCell.swift in Sources */,
			);
			runOnlyForDeploymentPostprocessing = 0;
		};
/* End PBXSourcesBuildPhase section */

/* Begin PBXVariantGroup section */
		CE100408229B725200660E82 /* Main.storyboard */ = {
			isa = PBXVariantGroup;
			children = (
				CE100409229B725200660E82 /* Base */,
			);
			name = Main.storyboard;
			sourceTree = "<group>";
		};
		CE10040D229B725300660E82 /* LaunchScreen.storyboard */ = {
			isa = PBXVariantGroup;
			children = (
				CE10040E229B725300660E82 /* Base */,
			);
			name = LaunchScreen.storyboard;
			sourceTree = "<group>";
		};
/* End PBXVariantGroup section */

/* Begin XCBuildConfiguration section */
		CE100411229B725300660E82 /* Debug */ = {
			isa = XCBuildConfiguration;
			buildSettings = {
				ALWAYS_SEARCH_USER_PATHS = NO;
				CLANG_ANALYZER_NONNULL = YES;
				CLANG_ANALYZER_NUMBER_OBJECT_CONVERSION = YES_AGGRESSIVE;
				CLANG_CXX_LANGUAGE_STANDARD = "gnu++14";
				CLANG_CXX_LIBRARY = "libc++";
				CLANG_ENABLE_MODULES = YES;
				CLANG_ENABLE_OBJC_ARC = YES;
				CLANG_ENABLE_OBJC_WEAK = YES;
				CLANG_WARN_BLOCK_CAPTURE_AUTORELEASING = YES;
				CLANG_WARN_BOOL_CONVERSION = YES;
				CLANG_WARN_COMMA = YES;
				CLANG_WARN_CONSTANT_CONVERSION = YES;
				CLANG_WARN_DEPRECATED_OBJC_IMPLEMENTATIONS = YES;
				CLANG_WARN_DIRECT_OBJC_ISA_USAGE = YES_ERROR;
				CLANG_WARN_DOCUMENTATION_COMMENTS = YES;
				CLANG_WARN_EMPTY_BODY = YES;
				CLANG_WARN_ENUM_CONVERSION = YES;
				CLANG_WARN_INFINITE_RECURSION = YES;
				CLANG_WARN_INT_CONVERSION = YES;
				CLANG_WARN_NON_LITERAL_NULL_CONVERSION = YES;
				CLANG_WARN_OBJC_IMPLICIT_RETAIN_SELF = YES;
				CLANG_WARN_OBJC_LITERAL_CONVERSION = YES;
				CLANG_WARN_OBJC_ROOT_CLASS = YES_ERROR;
				CLANG_WARN_RANGE_LOOP_ANALYSIS = YES;
				CLANG_WARN_STRICT_PROTOTYPES = YES;
				CLANG_WARN_SUSPICIOUS_MOVE = YES;
				CLANG_WARN_UNGUARDED_AVAILABILITY = YES_AGGRESSIVE;
				CLANG_WARN_UNREACHABLE_CODE = YES;
				CLANG_WARN__DUPLICATE_METHOD_MATCH = YES;
				CODE_SIGN_IDENTITY = "iPhone Developer";
				COPY_PHASE_STRIP = NO;
				DEBUG_INFORMATION_FORMAT = dwarf;
				ENABLE_STRICT_OBJC_MSGSEND = YES;
				ENABLE_TESTABILITY = YES;
				GCC_C_LANGUAGE_STANDARD = gnu11;
				GCC_DYNAMIC_NO_PIC = NO;
				GCC_NO_COMMON_BLOCKS = YES;
				GCC_OPTIMIZATION_LEVEL = 0;
				GCC_PREPROCESSOR_DEFINITIONS = (
					"DEBUG=1",
					"$(inherited)",
				);
				GCC_WARN_64_TO_32_BIT_CONVERSION = YES;
				GCC_WARN_ABOUT_RETURN_TYPE = YES_ERROR;
				GCC_WARN_UNDECLARED_SELECTOR = YES;
				GCC_WARN_UNINITIALIZED_AUTOS = YES_AGGRESSIVE;
				GCC_WARN_UNUSED_FUNCTION = YES;
				GCC_WARN_UNUSED_VARIABLE = YES;
				IPHONEOS_DEPLOYMENT_TARGET = 12.2;
				MTL_ENABLE_DEBUG_INFO = INCLUDE_SOURCE;
				MTL_FAST_MATH = YES;
				ONLY_ACTIVE_ARCH = YES;
				SDKROOT = iphoneos;
				SWIFT_ACTIVE_COMPILATION_CONDITIONS = DEBUG;
				SWIFT_OPTIMIZATION_LEVEL = "-Onone";
			};
			name = Debug;
		};
		CE100412229B725300660E82 /* Release */ = {
			isa = XCBuildConfiguration;
			buildSettings = {
				ALWAYS_SEARCH_USER_PATHS = NO;
				CLANG_ANALYZER_NONNULL = YES;
				CLANG_ANALYZER_NUMBER_OBJECT_CONVERSION = YES_AGGRESSIVE;
				CLANG_CXX_LANGUAGE_STANDARD = "gnu++14";
				CLANG_CXX_LIBRARY = "libc++";
				CLANG_ENABLE_MODULES = YES;
				CLANG_ENABLE_OBJC_ARC = YES;
				CLANG_ENABLE_OBJC_WEAK = YES;
				CLANG_WARN_BLOCK_CAPTURE_AUTORELEASING = YES;
				CLANG_WARN_BOOL_CONVERSION = YES;
				CLANG_WARN_COMMA = YES;
				CLANG_WARN_CONSTANT_CONVERSION = YES;
				CLANG_WARN_DEPRECATED_OBJC_IMPLEMENTATIONS = YES;
				CLANG_WARN_DIRECT_OBJC_ISA_USAGE = YES_ERROR;
				CLANG_WARN_DOCUMENTATION_COMMENTS = YES;
				CLANG_WARN_EMPTY_BODY = YES;
				CLANG_WARN_ENUM_CONVERSION = YES;
				CLANG_WARN_INFINITE_RECURSION = YES;
				CLANG_WARN_INT_CONVERSION = YES;
				CLANG_WARN_NON_LITERAL_NULL_CONVERSION = YES;
				CLANG_WARN_OBJC_IMPLICIT_RETAIN_SELF = YES;
				CLANG_WARN_OBJC_LITERAL_CONVERSION = YES;
				CLANG_WARN_OBJC_ROOT_CLASS = YES_ERROR;
				CLANG_WARN_RANGE_LOOP_ANALYSIS = YES;
				CLANG_WARN_STRICT_PROTOTYPES = YES;
				CLANG_WARN_SUSPICIOUS_MOVE = YES;
				CLANG_WARN_UNGUARDED_AVAILABILITY = YES_AGGRESSIVE;
				CLANG_WARN_UNREACHABLE_CODE = YES;
				CLANG_WARN__DUPLICATE_METHOD_MATCH = YES;
				CODE_SIGN_IDENTITY = "iPhone Developer";
				COPY_PHASE_STRIP = NO;
				DEBUG_INFORMATION_FORMAT = "dwarf-with-dsym";
				ENABLE_NS_ASSERTIONS = NO;
				ENABLE_STRICT_OBJC_MSGSEND = YES;
				GCC_C_LANGUAGE_STANDARD = gnu11;
				GCC_NO_COMMON_BLOCKS = YES;
				GCC_WARN_64_TO_32_BIT_CONVERSION = YES;
				GCC_WARN_ABOUT_RETURN_TYPE = YES_ERROR;
				GCC_WARN_UNDECLARED_SELECTOR = YES;
				GCC_WARN_UNINITIALIZED_AUTOS = YES_AGGRESSIVE;
				GCC_WARN_UNUSED_FUNCTION = YES;
				GCC_WARN_UNUSED_VARIABLE = YES;
				IPHONEOS_DEPLOYMENT_TARGET = 12.2;
				MTL_ENABLE_DEBUG_INFO = NO;
				MTL_FAST_MATH = YES;
				SDKROOT = iphoneos;
				SWIFT_COMPILATION_MODE = wholemodule;
				SWIFT_OPTIMIZATION_LEVEL = "-O";
				VALIDATE_PRODUCT = YES;
			};
			name = Release;
		};
		CE100414229B725300660E82 /* Debug */ = {
			isa = XCBuildConfiguration;
			baseConfigurationReference = 21E5157AEA82F1F2130B3B2D /* Pods-FriendRecord.debug.xcconfig */;
			buildSettings = {
				ASSETCATALOG_COMPILER_APPICON_NAME = AppIcon;
				CODE_SIGN_ENTITLEMENTS = FriendRecord/FriendRecord.entitlements;
				CODE_SIGN_IDENTITY = "iPhone Developer";
				CODE_SIGN_STYLE = Automatic;
				DEVELOPMENT_TEAM = 6Y8RK23U73;
				INFOPLIST_FILE = FriendRecord/Info.plist;
				LD_RUNPATH_SEARCH_PATHS = (
					"$(inherited)",
					"@executable_path/Frameworks",
				);
				PRODUCT_BUNDLE_IDENTIFIER = com.ej.www.FriendRecord2;
				PRODUCT_NAME = "$(TARGET_NAME)";
				PROVISIONING_PROFILE_SPECIFIER = "";
				SWIFT_VERSION = 5.0;
				TARGETED_DEVICE_FAMILY = 1;
			};
			name = Debug;
		};
		CE100415229B725300660E82 /* Release */ = {
			isa = XCBuildConfiguration;
			baseConfigurationReference = D392B1B28DCD8BE790EA3ED6 /* Pods-FriendRecord.release.xcconfig */;
			buildSettings = {
				ASSETCATALOG_COMPILER_APPICON_NAME = AppIcon;
				CODE_SIGN_ENTITLEMENTS = FriendRecord/FriendRecord.entitlements;
				CODE_SIGN_IDENTITY = "iPhone Developer";
				CODE_SIGN_STYLE = Automatic;
				DEVELOPMENT_TEAM = 6Y8RK23U73;
				INFOPLIST_FILE = FriendRecord/Info.plist;
				LD_RUNPATH_SEARCH_PATHS = (
					"$(inherited)",
					"@executable_path/Frameworks",
				);
				PRODUCT_BUNDLE_IDENTIFIER = com.ej.www.FriendRecord2;
				PRODUCT_NAME = "$(TARGET_NAME)";
				SWIFT_VERSION = 5.0;
				TARGETED_DEVICE_FAMILY = 1;
			};
			name = Release;
		};
/* End XCBuildConfiguration section */

/* Begin XCConfigurationList section */
		CE1003FC229B725200660E82 /* Build configuration list for PBXProject "FriendRecord" */ = {
			isa = XCConfigurationList;
			buildConfigurations = (
				CE100411229B725300660E82 /* Debug */,
				CE100412229B725300660E82 /* Release */,
			);
			defaultConfigurationIsVisible = 0;
			defaultConfigurationName = Release;
		};
		CE100413229B725300660E82 /* Build configuration list for PBXNativeTarget "FriendRecord" */ = {
			isa = XCConfigurationList;
			buildConfigurations = (
				CE100414229B725300660E82 /* Debug */,
				CE100415229B725300660E82 /* Release */,
			);
			defaultConfigurationIsVisible = 0;
			defaultConfigurationName = Release;
		};
/* End XCConfigurationList section */
	};
	rootObject = CE1003F9229B725200660E82 /* Project object */;
}
